// !$*UTF8*$!
{
	archiveVersion = 1;
	classes = {
	};
	objectVersion = 46;
	objects = {

/* Begin PBXBuildFile section */
		C1A26544183DFBC300CAE795 /* QuizTitleViewController.m in Sources */ = {isa = PBXBuildFile; fileRef = C1A26542183DFBC300CAE795 /* QuizTitleViewController.m */; };
		C1A26545183DFBC300CAE795 /* QuizTitleViewController.xib in Resources */ = {isa = PBXBuildFile; fileRef = C1A26543183DFBC300CAE795 /* QuizTitleViewController.xib */; };
		C1A26547183DFD3600CAE795 /* Logo.png in Resources */ = {isa = PBXBuildFile; fileRef = C1A26546183DFD3600CAE795 /* Logo.png */; };
		C1A26549183F6FB200CAE795 /* Rugrats.jpg in Resources */ = {isa = PBXBuildFile; fileRef = C1A26548183F6FB200CAE795 /* Rugrats.jpg */; };
		C1A2654B183F763B00CAE795 /* Rugrats2.jpg in Resources */ = {isa = PBXBuildFile; fileRef = C1A2654A183F763B00CAE795 /* Rugrats2.jpg */; };
		FA0FF6D0183F38420013EBFD /* Incorrect.m in Sources */ = {isa = PBXBuildFile; fileRef = FA0FF6CB183F38420013EBFD /* Incorrect.m */; };
		FA0FF6D1183F38420013EBFD /* Summary.m in Sources */ = {isa = PBXBuildFile; fileRef = FA0FF6CC183F38420013EBFD /* Summary.m */; };
		FA0FF6D2183F38420013EBFD /* TitleViewController.m in Sources */ = {isa = PBXBuildFile; fileRef = FA0FF6CE183F38420013EBFD /* TitleViewController.m */; };
		FA0FF6D3183F38420013EBFD /* TitleViewController.xib in Resources */ = {isa = PBXBuildFile; fileRef = FA0FF6CF183F38420013EBFD /* TitleViewController.xib */; };
		FA0FF6DC183F3E680013EBFD /* FourPanelComicTemplate.m in Sources */ = {isa = PBXBuildFile; fileRef = FA0FF6D5183F3E680013EBFD /* FourPanelComicTemplate.m */; };
		FA0FF6DD183F3E680013EBFD /* FourPanelComicTemplateViewController.m in Sources */ = {isa = PBXBuildFile; fileRef = FA0FF6D7183F3E680013EBFD /* FourPanelComicTemplateViewController.m */; };
		FA0FF6DE183F3E680013EBFD /* FourPanelComicTemplateViewController.xib in Resources */ = {isa = PBXBuildFile; fileRef = FA0FF6D8183F3E680013EBFD /* FourPanelComicTemplateViewController.xib */; };
		FA0FF6DF183F3E680013EBFD /* WideComicTemplateViewController.m in Sources */ = {isa = PBXBuildFile; fileRef = FA0FF6DA183F3E680013EBFD /* WideComicTemplateViewController.m */; };
		FA0FF6E0183F3E680013EBFD /* WideComicTemplateViewController.xib in Resources */ = {isa = PBXBuildFile; fileRef = FA0FF6DB183F3E680013EBFD /* WideComicTemplateViewController.xib */; };
		FA0FF6E3183F50940013EBFD /* Correct.m in Sources */ = {isa = PBXBuildFile; fileRef = FA0FF6E2183F50940013EBFD /* Correct.m */; };
		FA0FF6E6183FBBC00013EBFD /* 2. Preventing Diabetes.plist in Resources */ = {isa = PBXBuildFile; fileRef = FA0FF6E4183FBBC00013EBFD /* 2. Preventing Diabetes.plist */; };
		FA0FF6E7183FBBC00013EBFD /* 1. Understanding Diabetes.plist in Resources */ = {isa = PBXBuildFile; fileRef = FA0FF6E5183FBBC00013EBFD /* 1. Understanding Diabetes.plist */; };
		FA0FF6F9183FBD690013EBFD /* running2x.png in Resources */ = {isa = PBXBuildFile; fileRef = FA0FF6E8183FBD690013EBFD /* running2x.png */; };
		FA0FF6FA183FBD690013EBFD /* running.png in Resources */ = {isa = PBXBuildFile; fileRef = FA0FF6E9183FBD690013EBFD /* running.png */; };
		FA0FF6FB183FBD690013EBFD /* june2x.png in Resources */ = {isa = PBXBuildFile; fileRef = FA0FF6EA183FBD690013EBFD /* june2x.png */; };
		FA0FF6FC183FBD690013EBFD /* type2diabetes2x.png in Resources */ = {isa = PBXBuildFile; fileRef = FA0FF6EB183FBD690013EBFD /* type2diabetes2x.png */; };
		FA0FF6FD183FBD690013EBFD /* type2diabetes.png in Resources */ = {isa = PBXBuildFile; fileRef = FA0FF6EC183FBD690013EBFD /* type2diabetes.png */; };
		FA0FF6FE183FBD690013EBFD /* yearslater2x.png in Resources */ = {isa = PBXBuildFile; fileRef = FA0FF6ED183FBD690013EBFD /* yearslater2x.png */; };
		FA0FF6FF183FBD690013EBFD /* yearslater.png in Resources */ = {isa = PBXBuildFile; fileRef = FA0FF6EE183FBD690013EBFD /* yearslater.png */; };
		FA0FF700183FBD690013EBFD /* unhealthydiet2x.png in Resources */ = {isa = PBXBuildFile; fileRef = FA0FF6EF183FBD690013EBFD /* unhealthydiet2x.png */; };
		FA0FF701183FBD690013EBFD /* unhealthydiet.png in Resources */ = {isa = PBXBuildFile; fileRef = FA0FF6F0183FBD690013EBFD /* unhealthydiet.png */; };
		FA0FF702183FBD690013EBFD /* healthydiet2x.png in Resources */ = {isa = PBXBuildFile; fileRef = FA0FF6F1183FBD690013EBFD /* healthydiet2x.png */; };
		FA0FF703183FBD690013EBFD /* healthydiet.png in Resources */ = {isa = PBXBuildFile; fileRef = FA0FF6F2183FBD690013EBFD /* healthydiet.png */; };
		FA0FF704183FBD690013EBFD /* shrink2x.png in Resources */ = {isa = PBXBuildFile; fileRef = FA0FF6F3183FBD690013EBFD /* shrink2x.png */; };
		FA0FF705183FBD690013EBFD /* shrink.png in Resources */ = {isa = PBXBuildFile; fileRef = FA0FF6F4183FBD690013EBFD /* shrink.png */; };
		FA0FF706183FBD690013EBFD /* talldoc2x(2).png in Resources */ = {isa = PBXBuildFile; fileRef = FA0FF6F5183FBD690013EBFD /* talldoc2x(2).png */; };
		FA0FF707183FBD690013EBFD /* talldoc.png in Resources */ = {isa = PBXBuildFile; fileRef = FA0FF6F6183FBD690013EBFD /* talldoc.png */; };
		FA0FF708183FBD690013EBFD /* luisdoc1.png in Resources */ = {isa = PBXBuildFile; fileRef = FA0FF6F7183FBD690013EBFD /* luisdoc1.png */; };
		FA0FF709183FBD690013EBFD /* luisdoc12x.png in Resources */ = {isa = PBXBuildFile; fileRef = FA0FF6F8183FBD690013EBFD /* luisdoc12x.png */; };
		FA0FF70B183FBEA90013EBFD /* talldoc2x.png in Resources */ = {isa = PBXBuildFile; fileRef = FA0FF70A183FBEA90013EBFD /* talldoc2x.png */; };
		FA0FF70D183FC0BD0013EBFD /* june.png in Resources */ = {isa = PBXBuildFile; fileRef = FA0FF70C183FC0BD0013EBFD /* june.png */; };
		FA0FF710183FC9860013EBFD /* frownie.png in Resources */ = {isa = PBXBuildFile; fileRef = FA0FF70E183FC9850013EBFD /* frownie.png */; };
		FA0FF711183FC9860013EBFD /* frownie@2x.png in Resources */ = {isa = PBXBuildFile; fileRef = FA0FF70F183FC9850013EBFD /* frownie@2x.png */; };
		FA0FF714183FCA4F0013EBFD /* smiley.png in Resources */ = {isa = PBXBuildFile; fileRef = FA0FF712183FCA4F0013EBFD /* smiley.png */; };
		FA0FF715183FCA4F0013EBFD /* smiley@2x.png in Resources */ = {isa = PBXBuildFile; fileRef = FA0FF713183FCA4F0013EBFD /* smiley@2x.png */; };
		FA0FF717183FCFF10013EBFD /* icon.png in Resources */ = {isa = PBXBuildFile; fileRef = FA0FF716183FCFF10013EBFD /* icon.png */; };
		FA0FF71A183FD0A00013EBFD /* icon1.png in Resources */ = {isa = PBXBuildFile; fileRef = FA0FF718183FD0A00013EBFD /* icon1.png */; };
		FA0FF71B183FD0A00013EBFD /* icon1@2x.png in Resources */ = {isa = PBXBuildFile; fileRef = FA0FF719183FD0A00013EBFD /* icon1@2x.png */; };
		FA0FF71E183FD11F0013EBFD /* icon2.png in Resources */ = {isa = PBXBuildFile; fileRef = FA0FF71C183FD11F0013EBFD /* icon2.png */; };
		FA0FF71F183FD11F0013EBFD /* icon2@2x.png in Resources */ = {isa = PBXBuildFile; fileRef = FA0FF71D183FD11F0013EBFD /* icon2@2x.png */; };
		FA11F8BB183E9C8A0028FB70 /* SummaryViewController.m in Sources */ = {isa = PBXBuildFile; fileRef = FA11F8B9183E9C8A0028FB70 /* SummaryViewController.m */; };
		FA11F8BC183E9C8A0028FB70 /* SummaryViewController.xib in Resources */ = {isa = PBXBuildFile; fileRef = FA11F8BA183E9C8A0028FB70 /* SummaryViewController.xib */; };
		FA39069318398F9A00E251E8 /* MultipleChoiceQuestion.m in Sources */ = {isa = PBXBuildFile; fileRef = FA39069218398F9A00E251E8 /* MultipleChoiceQuestion.m */; };
		FA3906961839976D00E251E8 /* CategorizationQuestion.m in Sources */ = {isa = PBXBuildFile; fileRef = FA3906951839976D00E251E8 /* CategorizationQuestion.m */; };
		FA662BC6183C6E02007E40B2 /* SelectViewController.m in Sources */ = {isa = PBXBuildFile; fileRef = FA662BC4183C6E02007E40B2 /* SelectViewController.m */; };
		FA662BC7183C6E02007E40B2 /* SelectViewController.xib in Resources */ = {isa = PBXBuildFile; fileRef = FA662BC5183C6E02007E40B2 /* SelectViewController.xib */; };
		FA662BCB183C74D5007E40B2 /* MultipleChoiceQuestionViewController.m in Sources */ = {isa = PBXBuildFile; fileRef = FA662BC9183C74D5007E40B2 /* MultipleChoiceQuestionViewController.m */; };
		FA662BCC183C74D5007E40B2 /* MultipleChoiceQuestionViewController.xib in Resources */ = {isa = PBXBuildFile; fileRef = FA662BCA183C74D5007E40B2 /* MultipleChoiceQuestionViewController.xib */; };
		FA662BD0183C7797007E40B2 /* CategorizationQuestionViewController.m in Sources */ = {isa = PBXBuildFile; fileRef = FA662BCE183C7797007E40B2 /* CategorizationQuestionViewController.m */; };
		FA662BD1183C7797007E40B2 /* CategorizationQuestionViewController.xib in Resources */ = {isa = PBXBuildFile; fileRef = FA662BCF183C7797007E40B2 /* CategorizationQuestionViewController.xib */; };
		FA7A8B88183DACB9000BBA72 /* Quiz.m in Sources */ = {isa = PBXBuildFile; fileRef = FA7A8B87183DACB9000BBA72 /* Quiz.m */; };
		FA7A8B98183DB0FF000BBA72 /* CorrectViewController.m in Sources */ = {isa = PBXBuildFile; fileRef = FA7A8B96183DB0FF000BBA72 /* CorrectViewController.m */; };
		FA7A8B99183DB0FF000BBA72 /* CorrectViewController.xib in Resources */ = {isa = PBXBuildFile; fileRef = FA7A8B97183DB0FF000BBA72 /* CorrectViewController.xib */; };
		FA7A8B9D183DBD8B000BBA72 /* IncorrectViewController.m in Sources */ = {isa = PBXBuildFile; fileRef = FA7A8B9B183DBD8B000BBA72 /* IncorrectViewController.m */; };
		FA7A8B9E183DBD8B000BBA72 /* IncorrectViewController.xib in Resources */ = {isa = PBXBuildFile; fileRef = FA7A8B9C183DBD8B000BBA72 /* IncorrectViewController.xib */; };
		FAABFD67183F34A2005F6644 /* WideComicTemplate.m in Sources */ = {isa = PBXBuildFile; fileRef = FAABFD66183F34A2005F6644 /* WideComicTemplate.m */; };
		FAABFD69183F3589005F6644 /* sampleQuiz.plist in Resources */ = {isa = PBXBuildFile; fileRef = FAABFD68183F3589005F6644 /* sampleQuiz.plist */; };
		FABA58F4183810A50038FBA7 /* Foundation.framework in Frameworks */ = {isa = PBXBuildFile; fileRef = FABA58F3183810A50038FBA7 /* Foundation.framework */; };
		FABA58F6183810A50038FBA7 /* CoreGraphics.framework in Frameworks */ = {isa = PBXBuildFile; fileRef = FABA58F5183810A50038FBA7 /* CoreGraphics.framework */; };
		FABA58F8183810A50038FBA7 /* UIKit.framework in Frameworks */ = {isa = PBXBuildFile; fileRef = FABA58F7183810A50038FBA7 /* UIKit.framework */; };
		FABA58FE183810A50038FBA7 /* InfoPlist.strings in Resources */ = {isa = PBXBuildFile; fileRef = FABA58FC183810A50038FBA7 /* InfoPlist.strings */; };
		FABA5900183810A50038FBA7 /* main.m in Sources */ = {isa = PBXBuildFile; fileRef = FABA58FF183810A50038FBA7 /* main.m */; };
		FABA5904183810A50038FBA7 /* AppDelegate.m in Sources */ = {isa = PBXBuildFile; fileRef = FABA5903183810A50038FBA7 /* AppDelegate.m */; };
		FABA590F183810A50038FBA7 /* Images.xcassets in Resources */ = {isa = PBXBuildFile; fileRef = FABA590E183810A50038FBA7 /* Images.xcassets */; };
		FABA5916183810A50038FBA7 /* XCTest.framework in Frameworks */ = {isa = PBXBuildFile; fileRef = FABA5915183810A50038FBA7 /* XCTest.framework */; };
		FABA5917183810A50038FBA7 /* Foundation.framework in Frameworks */ = {isa = PBXBuildFile; fileRef = FABA58F3183810A50038FBA7 /* Foundation.framework */; };
		FABA5918183810A50038FBA7 /* UIKit.framework in Frameworks */ = {isa = PBXBuildFile; fileRef = FABA58F7183810A50038FBA7 /* UIKit.framework */; };
		FABA5920183810A50038FBA7 /* InfoPlist.strings in Resources */ = {isa = PBXBuildFile; fileRef = FABA591E183810A50038FBA7 /* InfoPlist.strings */; };
		FABA5922183810A50038FBA7 /* WaitingGameTests.m in Sources */ = {isa = PBXBuildFile; fileRef = FABA5921183810A50038FBA7 /* WaitingGameTests.m */; };
		FABA592E183811850038FBA7 /* MenuViewController.m in Sources */ = {isa = PBXBuildFile; fileRef = FABA592C183811850038FBA7 /* MenuViewController.m */; };
		FABA592F183811850038FBA7 /* MenuViewController.xib in Resources */ = {isa = PBXBuildFile; fileRef = FABA592D183811850038FBA7 /* MenuViewController.xib */; };
		FABA5932183817520038FBA7 /* TrueFalseQuestion.m in Sources */ = {isa = PBXBuildFile; fileRef = FABA5931183817520038FBA7 /* TrueFalseQuestion.m */; };
		FABA593618381AAA0038FBA7 /* TrueFalseQuestionViewController.m in Sources */ = {isa = PBXBuildFile; fileRef = FABA593418381AAA0038FBA7 /* TrueFalseQuestionViewController.m */; };
		FABA593718381AAA0038FBA7 /* TrueFalseQuestionViewController.xib in Resources */ = {isa = PBXBuildFile; fileRef = FABA593518381AAA0038FBA7 /* TrueFalseQuestionViewController.xib */; };
/* End PBXBuildFile section */

/* Begin PBXContainerItemProxy section */
		FABA5919183810A50038FBA7 /* PBXContainerItemProxy */ = {
			isa = PBXContainerItemProxy;
			containerPortal = FABA58E8183810A50038FBA7 /* Project object */;
			proxyType = 1;
			remoteGlobalIDString = FABA58EF183810A50038FBA7;
			remoteInfo = WaitingGame;
		};
/* End PBXContainerItemProxy section */

/* Begin PBXFileReference section */
		C1A26541183DFBC300CAE795 /* QuizTitleViewController.h */ = {isa = PBXFileReference; fileEncoding = 4; lastKnownFileType = sourcecode.c.h; path = QuizTitleViewController.h; sourceTree = "<group>"; };
		C1A26542183DFBC300CAE795 /* QuizTitleViewController.m */ = {isa = PBXFileReference; fileEncoding = 4; lastKnownFileType = sourcecode.c.objc; path = QuizTitleViewController.m; sourceTree = "<group>"; };
		C1A26543183DFBC300CAE795 /* QuizTitleViewController.xib */ = {isa = PBXFileReference; fileEncoding = 4; lastKnownFileType = file.xib; path = QuizTitleViewController.xib; sourceTree = "<group>"; };
		C1A26546183DFD3600CAE795 /* Logo.png */ = {isa = PBXFileReference; lastKnownFileType = image.png; path = Logo.png; sourceTree = "<group>"; };
		C1A26548183F6FB200CAE795 /* Rugrats.jpg */ = {isa = PBXFileReference; lastKnownFileType = image.jpeg; path = Rugrats.jpg; sourceTree = "<group>"; };
		C1A2654A183F763B00CAE795 /* Rugrats2.jpg */ = {isa = PBXFileReference; lastKnownFileType = image.jpeg; path = Rugrats2.jpg; sourceTree = "<group>"; };
		FA0FF6C9183F38420013EBFD /* Summary.h */ = {isa = PBXFileReference; fileEncoding = 4; lastKnownFileType = sourcecode.c.h; path = Summary.h; sourceTree = "<group>"; };
		FA0FF6CA183F38420013EBFD /* Incorrect.h */ = {isa = PBXFileReference; fileEncoding = 4; lastKnownFileType = sourcecode.c.h; path = Incorrect.h; sourceTree = "<group>"; };
		FA0FF6CB183F38420013EBFD /* Incorrect.m */ = {isa = PBXFileReference; fileEncoding = 4; lastKnownFileType = sourcecode.c.objc; path = Incorrect.m; sourceTree = "<group>"; };
		FA0FF6CC183F38420013EBFD /* Summary.m */ = {isa = PBXFileReference; fileEncoding = 4; lastKnownFileType = sourcecode.c.objc; path = Summary.m; sourceTree = "<group>"; };
		FA0FF6CD183F38420013EBFD /* TitleViewController.h */ = {isa = PBXFileReference; fileEncoding = 4; lastKnownFileType = sourcecode.c.h; path = TitleViewController.h; sourceTree = "<group>"; };
		FA0FF6CE183F38420013EBFD /* TitleViewController.m */ = {isa = PBXFileReference; fileEncoding = 4; lastKnownFileType = sourcecode.c.objc; path = TitleViewController.m; sourceTree = "<group>"; };
		FA0FF6CF183F38420013EBFD /* TitleViewController.xib */ = {isa = PBXFileReference; fileEncoding = 4; lastKnownFileType = file.xib; path = TitleViewController.xib; sourceTree = "<group>"; };
		FA0FF6D4183F3E680013EBFD /* FourPanelComicTemplate.h */ = {isa = PBXFileReference; fileEncoding = 4; lastKnownFileType = sourcecode.c.h; path = FourPanelComicTemplate.h; sourceTree = "<group>"; };
		FA0FF6D5183F3E680013EBFD /* FourPanelComicTemplate.m */ = {isa = PBXFileReference; fileEncoding = 4; lastKnownFileType = sourcecode.c.objc; path = FourPanelComicTemplate.m; sourceTree = "<group>"; };
		FA0FF6D6183F3E680013EBFD /* FourPanelComicTemplateViewController.h */ = {isa = PBXFileReference; fileEncoding = 4; lastKnownFileType = sourcecode.c.h; path = FourPanelComicTemplateViewController.h; sourceTree = "<group>"; };
		FA0FF6D7183F3E680013EBFD /* FourPanelComicTemplateViewController.m */ = {isa = PBXFileReference; fileEncoding = 4; lastKnownFileType = sourcecode.c.objc; path = FourPanelComicTemplateViewController.m; sourceTree = "<group>"; };
		FA0FF6D8183F3E680013EBFD /* FourPanelComicTemplateViewController.xib */ = {isa = PBXFileReference; fileEncoding = 4; lastKnownFileType = file.xib; path = FourPanelComicTemplateViewController.xib; sourceTree = "<group>"; };
		FA0FF6D9183F3E680013EBFD /* WideComicTemplateViewController.h */ = {isa = PBXFileReference; fileEncoding = 4; lastKnownFileType = sourcecode.c.h; path = WideComicTemplateViewController.h; sourceTree = "<group>"; };
		FA0FF6DA183F3E680013EBFD /* WideComicTemplateViewController.m */ = {isa = PBXFileReference; fileEncoding = 4; lastKnownFileType = sourcecode.c.objc; path = WideComicTemplateViewController.m; sourceTree = "<group>"; };
		FA0FF6DB183F3E680013EBFD /* WideComicTemplateViewController.xib */ = {isa = PBXFileReference; fileEncoding = 4; lastKnownFileType = file.xib; path = WideComicTemplateViewController.xib; sourceTree = "<group>"; };
		FA0FF6E1183F50940013EBFD /* Correct.h */ = {isa = PBXFileReference; fileEncoding = 4; lastKnownFileType = sourcecode.c.h; path = Correct.h; sourceTree = "<group>"; };
		FA0FF6E2183F50940013EBFD /* Correct.m */ = {isa = PBXFileReference; fileEncoding = 4; lastKnownFileType = sourcecode.c.objc; path = Correct.m; sourceTree = "<group>"; };
		FA0FF6E4183FBBC00013EBFD /* 2. Preventing Diabetes.plist */ = {isa = PBXFileReference; fileEncoding = 4; lastKnownFileType = text.plist.xml; path = "2. Preventing Diabetes.plist"; sourceTree = "<group>"; };
		FA0FF6E5183FBBC00013EBFD /* 1. Understanding Diabetes.plist */ = {isa = PBXFileReference; fileEncoding = 4; lastKnownFileType = text.plist.xml; path = "1. Understanding Diabetes.plist"; sourceTree = "<group>"; };
		FA0FF6E8183FBD690013EBFD /* running2x.png */ = {isa = PBXFileReference; lastKnownFileType = image.png; path = running2x.png; sourceTree = "<group>"; };
		FA0FF6E9183FBD690013EBFD /* running.png */ = {isa = PBXFileReference; lastKnownFileType = image.png; path = running.png; sourceTree = "<group>"; };
		FA0FF6EA183FBD690013EBFD /* june2x.png */ = {isa = PBXFileReference; lastKnownFileType = image.png; path = june2x.png; sourceTree = "<group>"; };
		FA0FF6EB183FBD690013EBFD /* type2diabetes2x.png */ = {isa = PBXFileReference; lastKnownFileType = image.png; path = type2diabetes2x.png; sourceTree = "<group>"; };
		FA0FF6EC183FBD690013EBFD /* type2diabetes.png */ = {isa = PBXFileReference; lastKnownFileType = image.png; path = type2diabetes.png; sourceTree = "<group>"; };
		FA0FF6ED183FBD690013EBFD /* yearslater2x.png */ = {isa = PBXFileReference; lastKnownFileType = image.png; path = yearslater2x.png; sourceTree = "<group>"; };
		FA0FF6EE183FBD690013EBFD /* yearslater.png */ = {isa = PBXFileReference; lastKnownFileType = image.png; path = yearslater.png; sourceTree = "<group>"; };
		FA0FF6EF183FBD690013EBFD /* unhealthydiet2x.png */ = {isa = PBXFileReference; lastKnownFileType = image.png; path = unhealthydiet2x.png; sourceTree = "<group>"; };
		FA0FF6F0183FBD690013EBFD /* unhealthydiet.png */ = {isa = PBXFileReference; lastKnownFileType = image.png; path = unhealthydiet.png; sourceTree = "<group>"; };
		FA0FF6F1183FBD690013EBFD /* healthydiet2x.png */ = {isa = PBXFileReference; lastKnownFileType = image.png; path = healthydiet2x.png; sourceTree = "<group>"; };
		FA0FF6F2183FBD690013EBFD /* healthydiet.png */ = {isa = PBXFileReference; lastKnownFileType = image.png; path = healthydiet.png; sourceTree = "<group>"; };
		FA0FF6F3183FBD690013EBFD /* shrink2x.png */ = {isa = PBXFileReference; lastKnownFileType = image.png; path = shrink2x.png; sourceTree = "<group>"; };
		FA0FF6F4183FBD690013EBFD /* shrink.png */ = {isa = PBXFileReference; lastKnownFileType = image.png; path = shrink.png; sourceTree = "<group>"; };
		FA0FF6F5183FBD690013EBFD /* talldoc2x(2).png */ = {isa = PBXFileReference; lastKnownFileType = image.png; path = "talldoc2x(2).png"; sourceTree = "<group>"; };
		FA0FF6F6183FBD690013EBFD /* talldoc.png */ = {isa = PBXFileReference; lastKnownFileType = image.png; path = talldoc.png; sourceTree = "<group>"; };
		FA0FF6F7183FBD690013EBFD /* luisdoc1.png */ = {isa = PBXFileReference; lastKnownFileType = image.png; path = luisdoc1.png; sourceTree = "<group>"; };
		FA0FF6F8183FBD690013EBFD /* luisdoc12x.png */ = {isa = PBXFileReference; lastKnownFileType = image.png; path = luisdoc12x.png; sourceTree = "<group>"; };
		FA0FF70A183FBEA90013EBFD /* talldoc2x.png */ = {isa = PBXFileReference; lastKnownFileType = image.png; path = talldoc2x.png; sourceTree = "<group>"; };
		FA0FF70C183FC0BD0013EBFD /* june.png */ = {isa = PBXFileReference; lastKnownFileType = image.png; path = june.png; sourceTree = "<group>"; };
		FA0FF70E183FC9850013EBFD /* frownie.png */ = {isa = PBXFileReference; lastKnownFileType = image.png; path = frownie.png; sourceTree = "<group>"; };
		FA0FF70F183FC9850013EBFD /* frownie@2x.png */ = {isa = PBXFileReference; lastKnownFileType = image.png; path = "frownie@2x.png"; sourceTree = "<group>"; };
		FA0FF712183FCA4F0013EBFD /* smiley.png */ = {isa = PBXFileReference; lastKnownFileType = image.png; path = smiley.png; sourceTree = "<group>"; };
		FA0FF713183FCA4F0013EBFD /* smiley@2x.png */ = {isa = PBXFileReference; lastKnownFileType = image.png; path = "smiley@2x.png"; sourceTree = "<group>"; };
		FA0FF716183FCFF10013EBFD /* icon.png */ = {isa = PBXFileReference; lastKnownFileType = image.png; path = icon.png; sourceTree = "<group>"; };
		FA0FF718183FD0A00013EBFD /* icon1.png */ = {isa = PBXFileReference; lastKnownFileType = image.png; path = icon1.png; sourceTree = "<group>"; };
		FA0FF719183FD0A00013EBFD /* icon1@2x.png */ = {isa = PBXFileReference; lastKnownFileType = image.png; path = "icon1@2x.png"; sourceTree = "<group>"; };
		FA0FF71C183FD11F0013EBFD /* icon2.png */ = {isa = PBXFileReference; lastKnownFileType = image.png; path = icon2.png; sourceTree = "<group>"; };
		FA0FF71D183FD11F0013EBFD /* icon2@2x.png */ = {isa = PBXFileReference; lastKnownFileType = image.png; path = "icon2@2x.png"; sourceTree = "<group>"; };
		FA11F8B8183E9C8A0028FB70 /* SummaryViewController.h */ = {isa = PBXFileReference; fileEncoding = 4; lastKnownFileType = sourcecode.c.h; path = SummaryViewController.h; sourceTree = "<group>"; };
		FA11F8B9183E9C8A0028FB70 /* SummaryViewController.m */ = {isa = PBXFileReference; fileEncoding = 4; lastKnownFileType = sourcecode.c.objc; path = SummaryViewController.m; sourceTree = "<group>"; };
		FA11F8BA183E9C8A0028FB70 /* SummaryViewController.xib */ = {isa = PBXFileReference; fileEncoding = 4; lastKnownFileType = file.xib; path = SummaryViewController.xib; sourceTree = "<group>"; };
		FA39069118398F9A00E251E8 /* MultipleChoiceQuestion.h */ = {isa = PBXFileReference; fileEncoding = 4; lastKnownFileType = sourcecode.c.h; path = MultipleChoiceQuestion.h; sourceTree = "<group>"; };
		FA39069218398F9A00E251E8 /* MultipleChoiceQuestion.m */ = {isa = PBXFileReference; fileEncoding = 4; lastKnownFileType = sourcecode.c.objc; path = MultipleChoiceQuestion.m; sourceTree = "<group>"; };
		FA3906941839976D00E251E8 /* CategorizationQuestion.h */ = {isa = PBXFileReference; fileEncoding = 4; lastKnownFileType = sourcecode.c.h; path = CategorizationQuestion.h; sourceTree = "<group>"; };
		FA3906951839976D00E251E8 /* CategorizationQuestion.m */ = {isa = PBXFileReference; fileEncoding = 4; lastKnownFileType = sourcecode.c.objc; path = CategorizationQuestion.m; sourceTree = "<group>"; };
		FA662BC3183C6E02007E40B2 /* SelectViewController.h */ = {isa = PBXFileReference; fileEncoding = 4; lastKnownFileType = sourcecode.c.h; path = SelectViewController.h; sourceTree = "<group>"; };
		FA662BC4183C6E02007E40B2 /* SelectViewController.m */ = {isa = PBXFileReference; fileEncoding = 4; lastKnownFileType = sourcecode.c.objc; path = SelectViewController.m; sourceTree = "<group>"; };
		FA662BC5183C6E02007E40B2 /* SelectViewController.xib */ = {isa = PBXFileReference; fileEncoding = 4; lastKnownFileType = file.xib; path = SelectViewController.xib; sourceTree = "<group>"; };
		FA662BC8183C74D5007E40B2 /* MultipleChoiceQuestionViewController.h */ = {isa = PBXFileReference; fileEncoding = 4; lastKnownFileType = sourcecode.c.h; path = MultipleChoiceQuestionViewController.h; sourceTree = "<group>"; };
		FA662BC9183C74D5007E40B2 /* MultipleChoiceQuestionViewController.m */ = {isa = PBXFileReference; fileEncoding = 4; lastKnownFileType = sourcecode.c.objc; path = MultipleChoiceQuestionViewController.m; sourceTree = "<group>"; };
		FA662BCA183C74D5007E40B2 /* MultipleChoiceQuestionViewController.xib */ = {isa = PBXFileReference; fileEncoding = 4; lastKnownFileType = file.xib; path = MultipleChoiceQuestionViewController.xib; sourceTree = "<group>"; };
		FA662BCD183C7797007E40B2 /* CategorizationQuestionViewController.h */ = {isa = PBXFileReference; fileEncoding = 4; lastKnownFileType = sourcecode.c.h; path = CategorizationQuestionViewController.h; sourceTree = "<group>"; };
		FA662BCE183C7797007E40B2 /* CategorizationQuestionViewController.m */ = {isa = PBXFileReference; fileEncoding = 4; lastKnownFileType = sourcecode.c.objc; path = CategorizationQuestionViewController.m; sourceTree = "<group>"; };
		FA662BCF183C7797007E40B2 /* CategorizationQuestionViewController.xib */ = {isa = PBXFileReference; fileEncoding = 4; lastKnownFileType = file.xib; path = CategorizationQuestionViewController.xib; sourceTree = "<group>"; };
		FA7A8B86183DACB9000BBA72 /* Quiz.h */ = {isa = PBXFileReference; fileEncoding = 4; lastKnownFileType = sourcecode.c.h; path = Quiz.h; sourceTree = "<group>"; };
		FA7A8B87183DACB9000BBA72 /* Quiz.m */ = {isa = PBXFileReference; fileEncoding = 4; lastKnownFileType = sourcecode.c.objc; path = Quiz.m; sourceTree = "<group>"; };
		FA7A8B95183DB0FF000BBA72 /* CorrectViewController.h */ = {isa = PBXFileReference; fileEncoding = 4; lastKnownFileType = sourcecode.c.h; path = CorrectViewController.h; sourceTree = "<group>"; };
		FA7A8B96183DB0FF000BBA72 /* CorrectViewController.m */ = {isa = PBXFileReference; fileEncoding = 4; lastKnownFileType = sourcecode.c.objc; path = CorrectViewController.m; sourceTree = "<group>"; };
		FA7A8B97183DB0FF000BBA72 /* CorrectViewController.xib */ = {isa = PBXFileReference; fileEncoding = 4; lastKnownFileType = file.xib; path = CorrectViewController.xib; sourceTree = "<group>"; };
		FA7A8B9A183DBD8B000BBA72 /* IncorrectViewController.h */ = {isa = PBXFileReference; fileEncoding = 4; lastKnownFileType = sourcecode.c.h; path = IncorrectViewController.h; sourceTree = "<group>"; };
		FA7A8B9B183DBD8B000BBA72 /* IncorrectViewController.m */ = {isa = PBXFileReference; fileEncoding = 4; lastKnownFileType = sourcecode.c.objc; path = IncorrectViewController.m; sourceTree = "<group>"; };
		FA7A8B9C183DBD8B000BBA72 /* IncorrectViewController.xib */ = {isa = PBXFileReference; fileEncoding = 4; lastKnownFileType = file.xib; path = IncorrectViewController.xib; sourceTree = "<group>"; };
		FAABFD65183F34A2005F6644 /* WideComicTemplate.h */ = {isa = PBXFileReference; fileEncoding = 4; lastKnownFileType = sourcecode.c.h; path = WideComicTemplate.h; sourceTree = "<group>"; };
		FAABFD66183F34A2005F6644 /* WideComicTemplate.m */ = {isa = PBXFileReference; fileEncoding = 4; lastKnownFileType = sourcecode.c.objc; path = WideComicTemplate.m; sourceTree = "<group>"; };
		FAABFD68183F3589005F6644 /* sampleQuiz.plist */ = {isa = PBXFileReference; fileEncoding = 4; lastKnownFileType = text.plist.xml; path = sampleQuiz.plist; sourceTree = "<group>"; };
		FABA58F0183810A50038FBA7 /* WaitingGame.app */ = {isa = PBXFileReference; explicitFileType = wrapper.application; includeInIndex = 0; path = WaitingGame.app; sourceTree = BUILT_PRODUCTS_DIR; };
		FABA58F3183810A50038FBA7 /* Foundation.framework */ = {isa = PBXFileReference; lastKnownFileType = wrapper.framework; name = Foundation.framework; path = System/Library/Frameworks/Foundation.framework; sourceTree = SDKROOT; };
		FABA58F5183810A50038FBA7 /* CoreGraphics.framework */ = {isa = PBXFileReference; lastKnownFileType = wrapper.framework; name = CoreGraphics.framework; path = System/Library/Frameworks/CoreGraphics.framework; sourceTree = SDKROOT; };
		FABA58F7183810A50038FBA7 /* UIKit.framework */ = {isa = PBXFileReference; lastKnownFileType = wrapper.framework; name = UIKit.framework; path = System/Library/Frameworks/UIKit.framework; sourceTree = SDKROOT; };
		FABA58FB183810A50038FBA7 /* WaitingGame-Info.plist */ = {isa = PBXFileReference; lastKnownFileType = text.plist.xml; path = "WaitingGame-Info.plist"; sourceTree = "<group>"; };
		FABA58FD183810A50038FBA7 /* en */ = {isa = PBXFileReference; lastKnownFileType = text.plist.strings; name = en; path = en.lproj/InfoPlist.strings; sourceTree = "<group>"; };
		FABA58FF183810A50038FBA7 /* main.m */ = {isa = PBXFileReference; lastKnownFileType = sourcecode.c.objc; path = main.m; sourceTree = "<group>"; };
		FABA5901183810A50038FBA7 /* WaitingGame-Prefix.pch */ = {isa = PBXFileReference; lastKnownFileType = sourcecode.c.h; path = "WaitingGame-Prefix.pch"; sourceTree = "<group>"; };
		FABA5902183810A50038FBA7 /* AppDelegate.h */ = {isa = PBXFileReference; lastKnownFileType = sourcecode.c.h; path = AppDelegate.h; sourceTree = "<group>"; };
		FABA5903183810A50038FBA7 /* AppDelegate.m */ = {isa = PBXFileReference; lastKnownFileType = sourcecode.c.objc; path = AppDelegate.m; sourceTree = "<group>"; };
		FABA590E183810A50038FBA7 /* Images.xcassets */ = {isa = PBXFileReference; lastKnownFileType = folder.assetcatalog; path = Images.xcassets; sourceTree = "<group>"; };
		FABA5914183810A50038FBA7 /* WaitingGameTests.xctest */ = {isa = PBXFileReference; explicitFileType = wrapper.cfbundle; includeInIndex = 0; path = WaitingGameTests.xctest; sourceTree = BUILT_PRODUCTS_DIR; };
		FABA5915183810A50038FBA7 /* XCTest.framework */ = {isa = PBXFileReference; lastKnownFileType = wrapper.framework; name = XCTest.framework; path = Library/Frameworks/XCTest.framework; sourceTree = DEVELOPER_DIR; };
		FABA591D183810A50038FBA7 /* WaitingGameTests-Info.plist */ = {isa = PBXFileReference; lastKnownFileType = text.plist.xml; path = "WaitingGameTests-Info.plist"; sourceTree = "<group>"; };
		FABA591F183810A50038FBA7 /* en */ = {isa = PBXFileReference; lastKnownFileType = text.plist.strings; name = en; path = en.lproj/InfoPlist.strings; sourceTree = "<group>"; };
		FABA5921183810A50038FBA7 /* WaitingGameTests.m */ = {isa = PBXFileReference; lastKnownFileType = sourcecode.c.objc; path = WaitingGameTests.m; sourceTree = "<group>"; };
		FABA592B183811850038FBA7 /* MenuViewController.h */ = {isa = PBXFileReference; fileEncoding = 4; lastKnownFileType = sourcecode.c.h; path = MenuViewController.h; sourceTree = "<group>"; };
		FABA592C183811850038FBA7 /* MenuViewController.m */ = {isa = PBXFileReference; fileEncoding = 4; lastKnownFileType = sourcecode.c.objc; path = MenuViewController.m; sourceTree = "<group>"; };
		FABA592D183811850038FBA7 /* MenuViewController.xib */ = {isa = PBXFileReference; fileEncoding = 4; lastKnownFileType = file.xib; path = MenuViewController.xib; sourceTree = "<group>"; };
		FABA5930183817520038FBA7 /* TrueFalseQuestion.h */ = {isa = PBXFileReference; fileEncoding = 4; lastKnownFileType = sourcecode.c.h; path = TrueFalseQuestion.h; sourceTree = "<group>"; };
		FABA5931183817520038FBA7 /* TrueFalseQuestion.m */ = {isa = PBXFileReference; fileEncoding = 4; lastKnownFileType = sourcecode.c.objc; path = TrueFalseQuestion.m; sourceTree = "<group>"; };
		FABA593318381AAA0038FBA7 /* TrueFalseQuestionViewController.h */ = {isa = PBXFileReference; fileEncoding = 4; lastKnownFileType = sourcecode.c.h; path = TrueFalseQuestionViewController.h; sourceTree = "<group>"; };
		FABA593418381AAA0038FBA7 /* TrueFalseQuestionViewController.m */ = {isa = PBXFileReference; fileEncoding = 4; lastKnownFileType = sourcecode.c.objc; path = TrueFalseQuestionViewController.m; sourceTree = "<group>"; };
		FABA593518381AAA0038FBA7 /* TrueFalseQuestionViewController.xib */ = {isa = PBXFileReference; fileEncoding = 4; lastKnownFileType = file.xib; path = TrueFalseQuestionViewController.xib; sourceTree = "<group>"; };
/* End PBXFileReference section */

/* Begin PBXFrameworksBuildPhase section */
		FABA58ED183810A50038FBA7 /* Frameworks */ = {
			isa = PBXFrameworksBuildPhase;
			buildActionMask = 2147483647;
			files = (
				FABA58F6183810A50038FBA7 /* CoreGraphics.framework in Frameworks */,
				FABA58F8183810A50038FBA7 /* UIKit.framework in Frameworks */,
				FABA58F4183810A50038FBA7 /* Foundation.framework in Frameworks */,
			);
			runOnlyForDeploymentPostprocessing = 0;
		};
		FABA5911183810A50038FBA7 /* Frameworks */ = {
			isa = PBXFrameworksBuildPhase;
			buildActionMask = 2147483647;
			files = (
				FABA5916183810A50038FBA7 /* XCTest.framework in Frameworks */,
				FABA5918183810A50038FBA7 /* UIKit.framework in Frameworks */,
				FABA5917183810A50038FBA7 /* Foundation.framework in Frameworks */,
			);
			runOnlyForDeploymentPostprocessing = 0;
		};
/* End PBXFrameworksBuildPhase section */

/* Begin PBXGroup section */
		FABA58E7183810A50038FBA7 = {
			isa = PBXGroup;
			children = (
				FABA58F9183810A50038FBA7 /* WaitingGame */,
				FABA591B183810A50038FBA7 /* WaitingGameTests */,
				FABA58F2183810A50038FBA7 /* Frameworks */,
				FABA58F1183810A50038FBA7 /* Products */,
			);
			sourceTree = "<group>";
		};
		FABA58F1183810A50038FBA7 /* Products */ = {
			isa = PBXGroup;
			children = (
				FABA58F0183810A50038FBA7 /* WaitingGame.app */,
				FABA5914183810A50038FBA7 /* WaitingGameTests.xctest */,
			);
			name = Products;
			sourceTree = "<group>";
		};
		FABA58F2183810A50038FBA7 /* Frameworks */ = {
			isa = PBXGroup;
			children = (
				FABA58F3183810A50038FBA7 /* Foundation.framework */,
				FABA58F5183810A50038FBA7 /* CoreGraphics.framework */,
				FABA58F7183810A50038FBA7 /* UIKit.framework */,
				FABA5915183810A50038FBA7 /* XCTest.framework */,
			);
			name = Frameworks;
			sourceTree = "<group>";
		};
		FABA58F9183810A50038FBA7 /* WaitingGame */ = {
			isa = PBXGroup;
			children = (
				FABA5902183810A50038FBA7 /* AppDelegate.h */,
				FABA5903183810A50038FBA7 /* AppDelegate.m */,
				FABA592B183811850038FBA7 /* MenuViewController.h */,
				FABA592C183811850038FBA7 /* MenuViewController.m */,
				FABA592D183811850038FBA7 /* MenuViewController.xib */,
				FA0FF716183FCFF10013EBFD /* icon.png */,
				FA662BC3183C6E02007E40B2 /* SelectViewController.h */,
				FA662BC4183C6E02007E40B2 /* SelectViewController.m */,
				FA662BC5183C6E02007E40B2 /* SelectViewController.xib */,
				FA7A8B86183DACB9000BBA72 /* Quiz.h */,
				FA7A8B87183DACB9000BBA72 /* Quiz.m */,
				FABA5930183817520038FBA7 /* TrueFalseQuestion.h */,
				FABA5931183817520038FBA7 /* TrueFalseQuestion.m */,
				FABA593318381AAA0038FBA7 /* TrueFalseQuestionViewController.h */,
				FABA593418381AAA0038FBA7 /* TrueFalseQuestionViewController.m */,
				FABA593518381AAA0038FBA7 /* TrueFalseQuestionViewController.xib */,
				FA39069118398F9A00E251E8 /* MultipleChoiceQuestion.h */,
				FA39069218398F9A00E251E8 /* MultipleChoiceQuestion.m */,
				FA662BC8183C74D5007E40B2 /* MultipleChoiceQuestionViewController.h */,
				FA662BC9183C74D5007E40B2 /* MultipleChoiceQuestionViewController.m */,
				FA662BCA183C74D5007E40B2 /* MultipleChoiceQuestionViewController.xib */,
				FA0FF6CA183F38420013EBFD /* Incorrect.h */,
				FA0FF6CB183F38420013EBFD /* Incorrect.m */,
				FA7A8B9A183DBD8B000BBA72 /* IncorrectViewController.h */,
				FA7A8B9B183DBD8B000BBA72 /* IncorrectViewController.m */,
				FA7A8B9C183DBD8B000BBA72 /* IncorrectViewController.xib */,
				FA0FF6E1183F50940013EBFD /* Correct.h */,
				FA0FF6E2183F50940013EBFD /* Correct.m */,
				FA7A8B95183DB0FF000BBA72 /* CorrectViewController.h */,
				FA7A8B96183DB0FF000BBA72 /* CorrectViewController.m */,
				FA7A8B97183DB0FF000BBA72 /* CorrectViewController.xib */,
				FA0FF6D4183F3E680013EBFD /* FourPanelComicTemplate.h */,
				FA0FF6D5183F3E680013EBFD /* FourPanelComicTemplate.m */,
				FA0FF6D6183F3E680013EBFD /* FourPanelComicTemplateViewController.h */,
				FA0FF6D7183F3E680013EBFD /* FourPanelComicTemplateViewController.m */,
				FA0FF6D8183F3E680013EBFD /* FourPanelComicTemplateViewController.xib */,
				FA0FF6D9183F3E680013EBFD /* WideComicTemplateViewController.h */,
				FA0FF6DA183F3E680013EBFD /* WideComicTemplateViewController.m */,
				FA0FF6DB183F3E680013EBFD /* WideComicTemplateViewController.xib */,
				FAABFD65183F34A2005F6644 /* WideComicTemplate.h */,
				FAABFD66183F34A2005F6644 /* WideComicTemplate.m */,
				FA11F8B8183E9C8A0028FB70 /* SummaryViewController.h */,
				FA11F8B9183E9C8A0028FB70 /* SummaryViewController.m */,
				FA11F8BA183E9C8A0028FB70 /* SummaryViewController.xib */,
				FA0FF6C9183F38420013EBFD /* Summary.h */,
				FA0FF6CC183F38420013EBFD /* Summary.m */,
				FA0FF6CD183F38420013EBFD /* TitleViewController.h */,
				FA0FF6CE183F38420013EBFD /* TitleViewController.m */,
				FA0FF6CF183F38420013EBFD /* TitleViewController.xib */,
				C1A26541183DFBC300CAE795 /* QuizTitleViewController.h */,
				C1A26542183DFBC300CAE795 /* QuizTitleViewController.m */,
				C1A26543183DFBC300CAE795 /* QuizTitleViewController.xib */,
				FA662BCD183C7797007E40B2 /* CategorizationQuestionViewController.h */,
				FA662BCE183C7797007E40B2 /* CategorizationQuestionViewController.m */,
				FA662BCF183C7797007E40B2 /* CategorizationQuestionViewController.xib */,
				FA3906941839976D00E251E8 /* CategorizationQuestion.h */,
				FA3906951839976D00E251E8 /* CategorizationQuestion.m */,
				FABA590E183810A50038FBA7 /* Images.xcassets */,
				FABA58FA183810A50038FBA7 /* Supporting Files */,
			);
			path = WaitingGame;
			sourceTree = "<group>";
		};
		FABA58FA183810A50038FBA7 /* Supporting Files */ = {
			isa = PBXGroup;
			children = (
				FA0FF718183FD0A00013EBFD /* icon1.png */,
				FA0FF719183FD0A00013EBFD /* icon1@2x.png */,
				FA0FF71C183FD11F0013EBFD /* icon2.png */,
				FA0FF71D183FD11F0013EBFD /* icon2@2x.png */,
				C1A2654A183F763B00CAE795 /* Rugrats2.jpg */,
				FA0FF6E4183FBBC00013EBFD /* 2. Preventing Diabetes.plist */,
				FA0FF6E5183FBBC00013EBFD /* 1. Understanding Diabetes.plist */,
				FA0FF70C183FC0BD0013EBFD /* june.png */,
				FA0FF70E183FC9850013EBFD /* frownie.png */,
				FA0FF70F183FC9850013EBFD /* frownie@2x.png */,
				FA0FF6E8183FBD690013EBFD /* running2x.png */,
				FA0FF6E9183FBD690013EBFD /* running.png */,
				FA0FF712183FCA4F0013EBFD /* smiley.png */,
				FA0FF713183FCA4F0013EBFD /* smiley@2x.png */,
				FA0FF6EA183FBD690013EBFD /* june2x.png */,
				FA0FF6EB183FBD690013EBFD /* type2diabetes2x.png */,
				FA0FF6EC183FBD690013EBFD /* type2diabetes.png */,
				FA0FF6ED183FBD690013EBFD /* yearslater2x.png */,
				FA0FF6EE183FBD690013EBFD /* yearslater.png */,
				FA0FF6EF183FBD690013EBFD /* unhealthydiet2x.png */,
				FA0FF6F0183FBD690013EBFD /* unhealthydiet.png */,
				FA0FF6F1183FBD690013EBFD /* healthydiet2x.png */,
				FA0FF6F2183FBD690013EBFD /* healthydiet.png */,
				FA0FF6F3183FBD690013EBFD /* shrink2x.png */,
				FA0FF6F4183FBD690013EBFD /* shrink.png */,
				FA0FF6F5183FBD690013EBFD /* talldoc2x(2).png */,
				FA0FF70A183FBEA90013EBFD /* talldoc2x.png */,
				FA0FF6F6183FBD690013EBFD /* talldoc.png */,
				FA0FF6F7183FBD690013EBFD /* luisdoc1.png */,
				FA0FF6F8183FBD690013EBFD /* luisdoc12x.png */,
				C1A26548183F6FB200CAE795 /* Rugrats.jpg */,
				C1A26546183DFD3600CAE795 /* Logo.png */,
				FABA58FB183810A50038FBA7 /* WaitingGame-Info.plist */,
				FAABFD68183F3589005F6644 /* sampleQuiz.plist */,
				FABA58FC183810A50038FBA7 /* InfoPlist.strings */,
				FABA58FF183810A50038FBA7 /* main.m */,
				FABA5901183810A50038FBA7 /* WaitingGame-Prefix.pch */,
			);
			name = "Supporting Files";
			sourceTree = "<group>";
		};
		FABA591B183810A50038FBA7 /* WaitingGameTests */ = {
			isa = PBXGroup;
			children = (
				FABA5921183810A50038FBA7 /* WaitingGameTests.m */,
				FABA591C183810A50038FBA7 /* Supporting Files */,
			);
			path = WaitingGameTests;
			sourceTree = "<group>";
		};
		FABA591C183810A50038FBA7 /* Supporting Files */ = {
			isa = PBXGroup;
			children = (
				FABA591D183810A50038FBA7 /* WaitingGameTests-Info.plist */,
				FABA591E183810A50038FBA7 /* InfoPlist.strings */,
			);
			name = "Supporting Files";
			sourceTree = "<group>";
		};
/* End PBXGroup section */

/* Begin PBXNativeTarget section */
		FABA58EF183810A50038FBA7 /* WaitingGame */ = {
			isa = PBXNativeTarget;
			buildConfigurationList = FABA5925183810A50038FBA7 /* Build configuration list for PBXNativeTarget "WaitingGame" */;
			buildPhases = (
				FABA58EC183810A50038FBA7 /* Sources */,
				FABA58ED183810A50038FBA7 /* Frameworks */,
				FABA58EE183810A50038FBA7 /* Resources */,
			);
			buildRules = (
			);
			dependencies = (
			);
			name = WaitingGame;
			productName = WaitingGame;
			productReference = FABA58F0183810A50038FBA7 /* WaitingGame.app */;
			productType = "com.apple.product-type.application";
		};
		FABA5913183810A50038FBA7 /* WaitingGameTests */ = {
			isa = PBXNativeTarget;
			buildConfigurationList = FABA5928183810A50038FBA7 /* Build configuration list for PBXNativeTarget "WaitingGameTests" */;
			buildPhases = (
				FABA5910183810A50038FBA7 /* Sources */,
				FABA5911183810A50038FBA7 /* Frameworks */,
				FABA5912183810A50038FBA7 /* Resources */,
			);
			buildRules = (
			);
			dependencies = (
				FABA591A183810A50038FBA7 /* PBXTargetDependency */,
			);
			name = WaitingGameTests;
			productName = WaitingGameTests;
			productReference = FABA5914183810A50038FBA7 /* WaitingGameTests.xctest */;
			productType = "com.apple.product-type.bundle.unit-test";
		};
/* End PBXNativeTarget section */

/* Begin PBXProject section */
		FABA58E8183810A50038FBA7 /* Project object */ = {
			isa = PBXProject;
			attributes = {
				LastUpgradeCheck = 0500;
				ORGANIZATIONNAME = "Alex Lipsett";
				TargetAttributes = {
					FABA58EF183810A50038FBA7 = {
						DevelopmentTeam = 4NZP92642L;
					};
					FABA5913183810A50038FBA7 = {
						TestTargetID = FABA58EF183810A50038FBA7;
					};
				};
			};
			buildConfigurationList = FABA58EB183810A50038FBA7 /* Build configuration list for PBXProject "WaitingGame" */;
			compatibilityVersion = "Xcode 3.2";
			developmentRegion = English;
			hasScannedForEncodings = 0;
			knownRegions = (
				en,
				Base,
			);
			mainGroup = FABA58E7183810A50038FBA7;
			productRefGroup = FABA58F1183810A50038FBA7 /* Products */;
			projectDirPath = "";
			projectRoot = "";
			targets = (
				FABA58EF183810A50038FBA7 /* WaitingGame */,
				FABA5913183810A50038FBA7 /* WaitingGameTests */,
			);
		};
/* End PBXProject section */

/* Begin PBXResourcesBuildPhase section */
		FABA58EE183810A50038FBA7 /* Resources */ = {
			isa = PBXResourcesBuildPhase;
			buildActionMask = 2147483647;
			files = (
				FA7A8B9E183DBD8B000BBA72 /* IncorrectViewController.xib in Resources */,
				FA0FF6FE183FBD690013EBFD /* yearslater2x.png in Resources */,
				FABA590F183810A50038FBA7 /* Images.xcassets in Resources */,
				FA662BCC183C74D5007E40B2 /* MultipleChoiceQuestionViewController.xib in Resources */,
				FA0FF71F183FD11F0013EBFD /* icon2@2x.png in Resources */,
				FA0FF714183FCA4F0013EBFD /* smiley.png in Resources */,
				FA0FF703183FBD690013EBFD /* healthydiet.png in Resources */,
				FA0FF70B183FBEA90013EBFD /* talldoc2x.png in Resources */,
				C1A2654B183F763B00CAE795 /* Rugrats2.jpg in Resources */,
				FA0FF71A183FD0A00013EBFD /* icon1.png in Resources */,
				FA0FF702183FBD690013EBFD /* healthydiet2x.png in Resources */,
				FA0FF70D183FC0BD0013EBFD /* june.png in Resources */,
				FA7A8B99183DB0FF000BBA72 /* CorrectViewController.xib in Resources */,
				FA0FF6FB183FBD690013EBFD /* june2x.png in Resources */,
				FA0FF705183FBD690013EBFD /* shrink.png in Resources */,
				FA0FF711183FC9860013EBFD /* frownie@2x.png in Resources */,
				FA0FF71E183FD11F0013EBFD /* icon2.png in Resources */,
				FAABFD69183F3589005F6644 /* sampleQuiz.plist in Resources */,
				FA0FF6D3183F38420013EBFD /* TitleViewController.xib in Resources */,
				FA0FF71B183FD0A00013EBFD /* icon1@2x.png in Resources */,
				C1A26549183F6FB200CAE795 /* Rugrats.jpg in Resources */,
				FA0FF6F9183FBD690013EBFD /* running2x.png in Resources */,
				FA0FF6FD183FBD690013EBFD /* type2diabetes.png in Resources */,
				FABA592F183811850038FBA7 /* MenuViewController.xib in Resources */,
				FA0FF6FF183FBD690013EBFD /* yearslater.png in Resources */,
				C1A26545183DFBC300CAE795 /* QuizTitleViewController.xib in Resources */,
				FA0FF6E0183F3E680013EBFD /* WideComicTemplateViewController.xib in Resources */,
				FA0FF708183FBD690013EBFD /* luisdoc1.png in Resources */,
				FA0FF700183FBD690013EBFD /* unhealthydiet2x.png in Resources */,
				FABA593718381AAA0038FBA7 /* TrueFalseQuestionViewController.xib in Resources */,
				FA11F8BC183E9C8A0028FB70 /* SummaryViewController.xib in Resources */,
				C1A26547183DFD3600CAE795 /* Logo.png in Resources */,
				FA0FF717183FCFF10013EBFD /* icon.png in Resources */,
				FA0FF709183FBD690013EBFD /* luisdoc12x.png in Resources */,
				FA0FF6E6183FBBC00013EBFD /* 2. Preventing Diabetes.plist in Resources */,
				FA0FF701183FBD690013EBFD /* unhealthydiet.png in Resources */,
				FA0FF704183FBD690013EBFD /* shrink2x.png in Resources */,
				FA0FF707183FBD690013EBFD /* talldoc.png in Resources */,
				FA0FF6DE183F3E680013EBFD /* FourPanelComicTemplateViewController.xib in Resources */,
				FA0FF710183FC9860013EBFD /* frownie.png in Resources */,
				FA0FF706183FBD690013EBFD /* talldoc2x(2).png in Resources */,
				FA662BC7183C6E02007E40B2 /* SelectViewController.xib in Resources */,
				FA662BD1183C7797007E40B2 /* CategorizationQuestionViewController.xib in Resources */,
				FA0FF6FA183FBD690013EBFD /* running.png in Resources */,
				FA0FF715183FCA4F0013EBFD /* smiley@2x.png in Resources */,
				FA0FF6FC183FBD690013EBFD /* type2diabetes2x.png in Resources */,
				FABA58FE183810A50038FBA7 /* InfoPlist.strings in Resources */,
				FA0FF6E7183FBBC00013EBFD /* 1. Understanding Diabetes.plist in Resources */,
			);
			runOnlyForDeploymentPostprocessing = 0;
		};
		FABA5912183810A50038FBA7 /* Resources */ = {
			isa = PBXResourcesBuildPhase;
			buildActionMask = 2147483647;
			files = (
				FABA5920183810A50038FBA7 /* InfoPlist.strings in Resources */,
			);
			runOnlyForDeploymentPostprocessing = 0;
		};
/* End PBXResourcesBuildPhase section */

/* Begin PBXSourcesBuildPhase section */
		FABA58EC183810A50038FBA7 /* Sources */ = {
			isa = PBXSourcesBuildPhase;
			buildActionMask = 2147483647;
			files = (
				FA662BD0183C7797007E40B2 /* CategorizationQuestionViewController.m in Sources */,
				FA0FF6D2183F38420013EBFD /* TitleViewController.m in Sources */,
				FA0FF6D0183F38420013EBFD /* Incorrect.m in Sources */,
				FA7A8B9D183DBD8B000BBA72 /* IncorrectViewController.m in Sources */,
				FAABFD67183F34A2005F6644 /* WideComicTemplate.m in Sources */,
				FA0FF6DD183F3E680013EBFD /* FourPanelComicTemplateViewController.m in Sources */,
				FABA5904183810A50038FBA7 /* AppDelegate.m in Sources */,
				FA662BCB183C74D5007E40B2 /* MultipleChoiceQuestionViewController.m in Sources */,
				FABA5932183817520038FBA7 /* TrueFalseQuestion.m in Sources */,
				FA39069318398F9A00E251E8 /* MultipleChoiceQuestion.m in Sources */,
				FA0FF6D1183F38420013EBFD /* Summary.m in Sources */,
				FA7A8B88183DACB9000BBA72 /* Quiz.m in Sources */,
				FABA593618381AAA0038FBA7 /* TrueFalseQuestionViewController.m in Sources */,
				FA0FF6DC183F3E680013EBFD /* FourPanelComicTemplate.m in Sources */,
				FA0FF6E3183F50940013EBFD /* Correct.m in Sources */,
				FA662BC6183C6E02007E40B2 /* SelectViewController.m in Sources */,
				FA11F8BB183E9C8A0028FB70 /* SummaryViewController.m in Sources */,
				FA0FF6DF183F3E680013EBFD /* WideComicTemplateViewController.m in Sources */,
				C1A26544183DFBC300CAE795 /* QuizTitleViewController.m in Sources */,
				FABA592E183811850038FBA7 /* MenuViewController.m in Sources */,
				FABA5900183810A50038FBA7 /* main.m in Sources */,
				FA7A8B98183DB0FF000BBA72 /* CorrectViewController.m in Sources */,
				FA3906961839976D00E251E8 /* CategorizationQuestion.m in Sources */,
			);
			runOnlyForDeploymentPostprocessing = 0;
		};
		FABA5910183810A50038FBA7 /* Sources */ = {
			isa = PBXSourcesBuildPhase;
			buildActionMask = 2147483647;
			files = (
				FABA5922183810A50038FBA7 /* WaitingGameTests.m in Sources */,
			);
			runOnlyForDeploymentPostprocessing = 0;
		};
/* End PBXSourcesBuildPhase section */

/* Begin PBXTargetDependency section */
		FABA591A183810A50038FBA7 /* PBXTargetDependency */ = {
			isa = PBXTargetDependency;
			target = FABA58EF183810A50038FBA7 /* WaitingGame */;
			targetProxy = FABA5919183810A50038FBA7 /* PBXContainerItemProxy */;
		};
/* End PBXTargetDependency section */

/* Begin PBXVariantGroup section */
		FABA58FC183810A50038FBA7 /* InfoPlist.strings */ = {
			isa = PBXVariantGroup;
			children = (
				FABA58FD183810A50038FBA7 /* en */,
			);
			name = InfoPlist.strings;
			sourceTree = "<group>";
		};
		FABA591E183810A50038FBA7 /* InfoPlist.strings */ = {
			isa = PBXVariantGroup;
			children = (
				FABA591F183810A50038FBA7 /* en */,
			);
			name = InfoPlist.strings;
			sourceTree = "<group>";
		};
/* End PBXVariantGroup section */

/* Begin XCBuildConfiguration section */
		FABA5923183810A50038FBA7 /* Debug */ = {
			isa = XCBuildConfiguration;
			buildSettings = {
				ALWAYS_SEARCH_USER_PATHS = NO;
				ARCHS = "$(ARCHS_STANDARD_INCLUDING_64_BIT)";
				CLANG_CXX_LANGUAGE_STANDARD = "gnu++0x";
				CLANG_CXX_LIBRARY = "libc++";
				CLANG_ENABLE_MODULES = YES;
				CLANG_ENABLE_OBJC_ARC = YES;
				CLANG_WARN_BOOL_CONVERSION = YES;
				CLANG_WARN_CONSTANT_CONVERSION = YES;
				CLANG_WARN_DIRECT_OBJC_ISA_USAGE = YES_ERROR;
				CLANG_WARN_EMPTY_BODY = YES;
				CLANG_WARN_ENUM_CONVERSION = YES;
				CLANG_WARN_INT_CONVERSION = YES;
				CLANG_WARN_OBJC_ROOT_CLASS = YES_ERROR;
				CLANG_WARN__DUPLICATE_METHOD_MATCH = YES;
				"CODE_SIGN_IDENTITY[sdk=iphoneos*]" = "iPhone Developer";
				COPY_PHASE_STRIP = NO;
				GCC_C_LANGUAGE_STANDARD = gnu99;
				GCC_DYNAMIC_NO_PIC = NO;
				GCC_OPTIMIZATION_LEVEL = 0;
				GCC_PREPROCESSOR_DEFINITIONS = (
					"DEBUG=1",
					"$(inherited)",
				);
				GCC_SYMBOLS_PRIVATE_EXTERN = NO;
				GCC_WARN_64_TO_32_BIT_CONVERSION = YES;
				GCC_WARN_ABOUT_RETURN_TYPE = YES_ERROR;
				GCC_WARN_UNDECLARED_SELECTOR = YES;
				GCC_WARN_UNINITIALIZED_AUTOS = YES;
				GCC_WARN_UNUSED_FUNCTION = YES;
				GCC_WARN_UNUSED_VARIABLE = YES;
				IPHONEOS_DEPLOYMENT_TARGET = 7.0;
				ONLY_ACTIVE_ARCH = YES;
				SDKROOT = iphoneos;
				TARGETED_DEVICE_FAMILY = "1,2";
			};
			name = Debug;
		};
		FABA5924183810A50038FBA7 /* Release */ = {
			isa = XCBuildConfiguration;
			buildSettings = {
				ALWAYS_SEARCH_USER_PATHS = NO;
				ARCHS = "$(ARCHS_STANDARD_INCLUDING_64_BIT)";
				CLANG_CXX_LANGUAGE_STANDARD = "gnu++0x";
				CLANG_CXX_LIBRARY = "libc++";
				CLANG_ENABLE_MODULES = YES;
				CLANG_ENABLE_OBJC_ARC = YES;
				CLANG_WARN_BOOL_CONVERSION = YES;
				CLANG_WARN_CONSTANT_CONVERSION = YES;
				CLANG_WARN_DIRECT_OBJC_ISA_USAGE = YES_ERROR;
				CLANG_WARN_EMPTY_BODY = YES;
				CLANG_WARN_ENUM_CONVERSION = YES;
				CLANG_WARN_INT_CONVERSION = YES;
				CLANG_WARN_OBJC_ROOT_CLASS = YES_ERROR;
				CLANG_WARN__DUPLICATE_METHOD_MATCH = YES;
				"CODE_SIGN_IDENTITY[sdk=iphoneos*]" = "iPhone Developer";
				COPY_PHASE_STRIP = YES;
				ENABLE_NS_ASSERTIONS = NO;
				GCC_C_LANGUAGE_STANDARD = gnu99;
				GCC_WARN_64_TO_32_BIT_CONVERSION = YES;
				GCC_WARN_ABOUT_RETURN_TYPE = YES_ERROR;
				GCC_WARN_UNDECLARED_SELECTOR = YES;
				GCC_WARN_UNINITIALIZED_AUTOS = YES;
				GCC_WARN_UNUSED_FUNCTION = YES;
				GCC_WARN_UNUSED_VARIABLE = YES;
				IPHONEOS_DEPLOYMENT_TARGET = 7.0;
				SDKROOT = iphoneos;
				TARGETED_DEVICE_FAMILY = "1,2";
				VALIDATE_PRODUCT = YES;
			};
			name = Release;
		};
		FABA5926183810A50038FBA7 /* Debug */ = {
			isa = XCBuildConfiguration;
			buildSettings = {
				ASSETCATALOG_COMPILER_APPICON_NAME = AppIcon;
				ASSETCATALOG_COMPILER_LAUNCHIMAGE_NAME = LaunchImage;
				CODE_SIGN_IDENTITY = "iPhone Developer";
				"CODE_SIGN_IDENTITY[sdk=iphoneos*]" = "iPhone Developer";
				GCC_PRECOMPILE_PREFIX_HEADER = YES;
				GCC_PREFIX_HEADER = "WaitingGame/WaitingGame-Prefix.pch";
				INFOPLIST_FILE = "WaitingGame/WaitingGame-Info.plist";
				PRODUCT_NAME = "$(TARGET_NAME)";
				PROVISIONING_PROFILE = "";
				TARGETED_DEVICE_FAMILY = 2;
				WRAPPER_EXTENSION = app;
			};
			name = Debug;
		};
		FABA5927183810A50038FBA7 /* Release */ = {
			isa = XCBuildConfiguration;
			buildSettings = {
				ASSETCATALOG_COMPILER_APPICON_NAME = AppIcon;
				ASSETCATALOG_COMPILER_LAUNCHIMAGE_NAME = LaunchImage;
				CODE_SIGN_IDENTITY = "iPhone Developer";
				"CODE_SIGN_IDENTITY[sdk=iphoneos*]" = "iPhone Developer";
				GCC_PRECOMPILE_PREFIX_HEADER = YES;
				GCC_PREFIX_HEADER = "WaitingGame/WaitingGame-Prefix.pch";
				INFOPLIST_FILE = "WaitingGame/WaitingGame-Info.plist";
				PRODUCT_NAME = "$(TARGET_NAME)";
				PROVISIONING_PROFILE = "";
				TARGETED_DEVICE_FAMILY = 2;
				WRAPPER_EXTENSION = app;
			};
			name = Release;
		};
		FABA5929183810A50038FBA7 /* Debug */ = {
			isa = XCBuildConfiguration;
			buildSettings = {
				ARCHS = "$(ARCHS_STANDARD_INCLUDING_64_BIT)";
				BUNDLE_LOADER = "$(BUILT_PRODUCTS_DIR)/WaitingGame.app/WaitingGame";
				FRAMEWORK_SEARCH_PATHS = (
					"$(SDKROOT)/Developer/Library/Frameworks",
					"$(inherited)",
					"$(DEVELOPER_FRAMEWORKS_DIR)",
				);
				GCC_PRECOMPILE_PREFIX_HEADER = YES;
				GCC_PREFIX_HEADER = "WaitingGame/WaitingGame-Prefix.pch";
				GCC_PREPROCESSOR_DEFINITIONS = (
					"DEBUG=1",
					"$(inherited)",
				);
				INFOPLIST_FILE = "WaitingGameTests/WaitingGameTests-Info.plist";
				PRODUCT_NAME = "$(TARGET_NAME)";
				TEST_HOST = "$(BUNDLE_LOADER)";
				WRAPPER_EXTENSION = xctest;
			};
			name = Debug;
		};
		FABA592A183810A50038FBA7 /* Release */ = {
			isa = XCBuildConfiguration;
			buildSettings = {
				ARCHS = "$(ARCHS_STANDARD_INCLUDING_64_BIT)";
				BUNDLE_LOADER = "$(BUILT_PRODUCTS_DIR)/WaitingGame.app/WaitingGame";
				FRAMEWORK_SEARCH_PATHS = (
					"$(SDKROOT)/Developer/Library/Frameworks",
					"$(inherited)",
					"$(DEVELOPER_FRAMEWORKS_DIR)",
				);
				GCC_PRECOMPILE_PREFIX_HEADER = YES;
				GCC_PREFIX_HEADER = "WaitingGame/WaitingGame-Prefix.pch";
				INFOPLIST_FILE = "WaitingGameTests/WaitingGameTests-Info.plist";
				PRODUCT_NAME = "$(TARGET_NAME)";
				TEST_HOST = "$(BUNDLE_LOADER)";
				WRAPPER_EXTENSION = xctest;
			};
			name = Release;
		};
/* End XCBuildConfiguration section */

/* Begin XCConfigurationList section */
		FABA58EB183810A50038FBA7 /* Build configuration list for PBXProject "WaitingGame" */ = {
			isa = XCConfigurationList;
			buildConfigurations = (
				FABA5923183810A50038FBA7 /* Debug */,
				FABA5924183810A50038FBA7 /* Release */,
			);
			defaultConfigurationIsVisible = 0;
			defaultConfigurationName = Release;
		};
		FABA5925183810A50038FBA7 /* Build configuration list for PBXNativeTarget "WaitingGame" */ = {
			isa = XCConfigurationList;
			buildConfigurations = (
				FABA5926183810A50038FBA7 /* Debug */,
				FABA5927183810A50038FBA7 /* Release */,
			);
			defaultConfigurationIsVisible = 0;
			defaultConfigurationName = Release;
		};
		FABA5928183810A50038FBA7 /* Build configuration list for PBXNativeTarget "WaitingGameTests" */ = {
			isa = XCConfigurationList;
			buildConfigurations = (
				FABA5929183810A50038FBA7 /* Debug */,
				FABA592A183810A50038FBA7 /* Release */,
			);
			defaultConfigurationIsVisible = 0;
			defaultConfigurationName = Release;
		};
/* End XCConfigurationList section */
	};
	rootObject = FABA58E8183810A50038FBA7 /* Project object */;
}
