// !$*UTF8*$!
{
	archiveVersion = 1;
	classes = {
	};
	objectVersion = 46;
	objects = {

/* Begin PBXBuildFile section */
		FA39069318398F9A00E251E8 /* MultipleChoiceQuestion.m in Sources */ = {isa = PBXBuildFile; fileRef = FA39069218398F9A00E251E8 /* MultipleChoiceQuestion.m */; };
		FA3906961839976D00E251E8 /* CategorizationQuestion.m in Sources */ = {isa = PBXBuildFile; fileRef = FA3906951839976D00E251E8 /* CategorizationQuestion.m */; };
		FA390699183999E600E251E8 /* ShoppingCartQuestion.m in Sources */ = {isa = PBXBuildFile; fileRef = FA390698183999E600E251E8 /* ShoppingCartQuestion.m */; };
		FA662BC6183C6E02007E40B2 /* SelectViewController.m in Sources */ = {isa = PBXBuildFile; fileRef = FA662BC4183C6E02007E40B2 /* SelectViewController.m */; };
		FA662BC7183C6E02007E40B2 /* SelectViewController.xib in Resources */ = {isa = PBXBuildFile; fileRef = FA662BC5183C6E02007E40B2 /* SelectViewController.xib */; };
		FA662BCB183C74D5007E40B2 /* MultipleChoiceQuestionViewController.m in Sources */ = {isa = PBXBuildFile; fileRef = FA662BC9183C74D5007E40B2 /* MultipleChoiceQuestionViewController.m */; };
		FA662BCC183C74D5007E40B2 /* MultipleChoiceQuestionViewController.xib in Resources */ = {isa = PBXBuildFile; fileRef = FA662BCA183C74D5007E40B2 /* MultipleChoiceQuestionViewController.xib */; };
		FA662BD0183C7797007E40B2 /* CategorizationQuestionViewController.m in Sources */ = {isa = PBXBuildFile; fileRef = FA662BCE183C7797007E40B2 /* CategorizationQuestionViewController.m */; };
		FA662BD1183C7797007E40B2 /* CategorizationQuestionViewController.xib in Resources */ = {isa = PBXBuildFile; fileRef = FA662BCF183C7797007E40B2 /* CategorizationQuestionViewController.xib */; };
		FA7A8B80183D9413000BBA72 /* sampleQuiz.plist in Resources */ = {isa = PBXBuildFile; fileRef = FA7A8B7F183D9412000BBA72 /* sampleQuiz.plist */; };
		FA7A8B84183D9F5C000BBA72 /* ThreeComicViewController.m in Sources */ = {isa = PBXBuildFile; fileRef = FA7A8B82183D9F5C000BBA72 /* ThreeComicViewController.m */; };
		FA7A8B85183D9F5C000BBA72 /* ThreeComicViewController.xib in Resources */ = {isa = PBXBuildFile; fileRef = FA7A8B83183D9F5C000BBA72 /* ThreeComicViewController.xib */; };
		FA7A8B88183DACB9000BBA72 /* Quiz.m in Sources */ = {isa = PBXBuildFile; fileRef = FA7A8B87183DACB9000BBA72 /* Quiz.m */; };
		FA7A8B94183DB06C000BBA72 /* ThreeComicTemplate.m in Sources */ = {isa = PBXBuildFile; fileRef = FA7A8B93183DB06C000BBA72 /* ThreeComicTemplate.m */; };
		FA7A8B98183DB0FF000BBA72 /* CorrectViewController.m in Sources */ = {isa = PBXBuildFile; fileRef = FA7A8B96183DB0FF000BBA72 /* CorrectViewController.m */; };
		FA7A8B99183DB0FF000BBA72 /* CorrectViewController.xib in Resources */ = {isa = PBXBuildFile; fileRef = FA7A8B97183DB0FF000BBA72 /* CorrectViewController.xib */; };
		FA7A8B9D183DBD8B000BBA72 /* IncorrectViewController.m in Sources */ = {isa = PBXBuildFile; fileRef = FA7A8B9B183DBD8B000BBA72 /* IncorrectViewController.m */; };
		FA7A8B9E183DBD8B000BBA72 /* IncorrectViewController.xib in Resources */ = {isa = PBXBuildFile; fileRef = FA7A8B9C183DBD8B000BBA72 /* IncorrectViewController.xib */; };
		FABA58F4183810A50038FBA7 /* Foundation.framework in Frameworks */ = {isa = PBXBuildFile; fileRef = FABA58F3183810A50038FBA7 /* Foundation.framework */; };
		FABA58F6183810A50038FBA7 /* CoreGraphics.framework in Frameworks */ = {isa = PBXBuildFile; fileRef = FABA58F5183810A50038FBA7 /* CoreGraphics.framework */; };
		FABA58F8183810A50038FBA7 /* UIKit.framework in Frameworks */ = {isa = PBXBuildFile; fileRef = FABA58F7183810A50038FBA7 /* UIKit.framework */; };
		FABA58FE183810A50038FBA7 /* InfoPlist.strings in Resources */ = {isa = PBXBuildFile; fileRef = FABA58FC183810A50038FBA7 /* InfoPlist.strings */; };
		FABA5900183810A50038FBA7 /* main.m in Sources */ = {isa = PBXBuildFile; fileRef = FABA58FF183810A50038FBA7 /* main.m */; };
		FABA5904183810A50038FBA7 /* AppDelegate.m in Sources */ = {isa = PBXBuildFile; fileRef = FABA5903183810A50038FBA7 /* AppDelegate.m */; };
		FABA590F183810A50038FBA7 /* Images.xcassets in Resources */ = {isa = PBXBuildFile; fileRef = FABA590E183810A50038FBA7 /* Images.xcassets */; };
		FABA5916183810A50038FBA7 /* XCTest.framework in Frameworks */ = {isa = PBXBuildFile; fileRef = FABA5915183810A50038FBA7 /* XCTest.framework */; };
		FABA5917183810A50038FBA7 /* Foundation.framework in Frameworks */ = {isa = PBXBuildFile; fileRef = FABA58F3183810A50038FBA7 /* Foundation.framework */; };
		FABA5918183810A50038FBA7 /* UIKit.framework in Frameworks */ = {isa = PBXBuildFile; fileRef = FABA58F7183810A50038FBA7 /* UIKit.framework */; };
		FABA5920183810A50038FBA7 /* InfoPlist.strings in Resources */ = {isa = PBXBuildFile; fileRef = FABA591E183810A50038FBA7 /* InfoPlist.strings */; };
		FABA5922183810A50038FBA7 /* WaitingGameTests.m in Sources */ = {isa = PBXBuildFile; fileRef = FABA5921183810A50038FBA7 /* WaitingGameTests.m */; };
		FABA592E183811850038FBA7 /* MenuViewController.m in Sources */ = {isa = PBXBuildFile; fileRef = FABA592C183811850038FBA7 /* MenuViewController.m */; };
		FABA592F183811850038FBA7 /* MenuViewController.xib in Resources */ = {isa = PBXBuildFile; fileRef = FABA592D183811850038FBA7 /* MenuViewController.xib */; };
		FABA5932183817520038FBA7 /* TrueFalseQuestion.m in Sources */ = {isa = PBXBuildFile; fileRef = FABA5931183817520038FBA7 /* TrueFalseQuestion.m */; };
		FABA593618381AAA0038FBA7 /* TrueFalseQuestionViewController.m in Sources */ = {isa = PBXBuildFile; fileRef = FABA593418381AAA0038FBA7 /* TrueFalseQuestionViewController.m */; };
		FABA593718381AAA0038FBA7 /* TrueFalseQuestionViewController.xib in Resources */ = {isa = PBXBuildFile; fileRef = FABA593518381AAA0038FBA7 /* TrueFalseQuestionViewController.xib */; };
/* End PBXBuildFile section */

/* Begin PBXContainerItemProxy section */
		FABA5919183810A50038FBA7 /* PBXContainerItemProxy */ = {
			isa = PBXContainerItemProxy;
			containerPortal = FABA58E8183810A50038FBA7 /* Project object */;
			proxyType = 1;
			remoteGlobalIDString = FABA58EF183810A50038FBA7;
			remoteInfo = WaitingGame;
		};
/* End PBXContainerItemProxy section */

/* Begin PBXFileReference section */
		FA39069118398F9A00E251E8 /* MultipleChoiceQuestion.h */ = {isa = PBXFileReference; fileEncoding = 4; lastKnownFileType = sourcecode.c.h; path = MultipleChoiceQuestion.h; sourceTree = "<group>"; };
		FA39069218398F9A00E251E8 /* MultipleChoiceQuestion.m */ = {isa = PBXFileReference; fileEncoding = 4; lastKnownFileType = sourcecode.c.objc; path = MultipleChoiceQuestion.m; sourceTree = "<group>"; };
		FA3906941839976D00E251E8 /* CategorizationQuestion.h */ = {isa = PBXFileReference; fileEncoding = 4; lastKnownFileType = sourcecode.c.h; path = CategorizationQuestion.h; sourceTree = "<group>"; };
		FA3906951839976D00E251E8 /* CategorizationQuestion.m */ = {isa = PBXFileReference; fileEncoding = 4; lastKnownFileType = sourcecode.c.objc; path = CategorizationQuestion.m; sourceTree = "<group>"; };
		FA390697183999E600E251E8 /* ShoppingCartQuestion.h */ = {isa = PBXFileReference; fileEncoding = 4; lastKnownFileType = sourcecode.c.h; path = ShoppingCartQuestion.h; sourceTree = "<group>"; };
		FA390698183999E600E251E8 /* ShoppingCartQuestion.m */ = {isa = PBXFileReference; fileEncoding = 4; lastKnownFileType = sourcecode.c.objc; path = ShoppingCartQuestion.m; sourceTree = "<group>"; };
		FA662BC3183C6E02007E40B2 /* SelectViewController.h */ = {isa = PBXFileReference; fileEncoding = 4; lastKnownFileType = sourcecode.c.h; path = SelectViewController.h; sourceTree = "<group>"; };
		FA662BC4183C6E02007E40B2 /* SelectViewController.m */ = {isa = PBXFileReference; fileEncoding = 4; lastKnownFileType = sourcecode.c.objc; path = SelectViewController.m; sourceTree = "<group>"; };
		FA662BC5183C6E02007E40B2 /* SelectViewController.xib */ = {isa = PBXFileReference; fileEncoding = 4; lastKnownFileType = file.xib; path = SelectViewController.xib; sourceTree = "<group>"; };
		FA662BC8183C74D5007E40B2 /* MultipleChoiceQuestionViewController.h */ = {isa = PBXFileReference; fileEncoding = 4; lastKnownFileType = sourcecode.c.h; path = MultipleChoiceQuestionViewController.h; sourceTree = "<group>"; };
		FA662BC9183C74D5007E40B2 /* MultipleChoiceQuestionViewController.m */ = {isa = PBXFileReference; fileEncoding = 4; lastKnownFileType = sourcecode.c.objc; path = MultipleChoiceQuestionViewController.m; sourceTree = "<group>"; };
		FA662BCA183C74D5007E40B2 /* MultipleChoiceQuestionViewController.xib */ = {isa = PBXFileReference; fileEncoding = 4; lastKnownFileType = file.xib; path = MultipleChoiceQuestionViewController.xib; sourceTree = "<group>"; };
		FA662BCD183C7797007E40B2 /* CategorizationQuestionViewController.h */ = {isa = PBXFileReference; fileEncoding = 4; lastKnownFileType = sourcecode.c.h; path = CategorizationQuestionViewController.h; sourceTree = "<group>"; };
		FA662BCE183C7797007E40B2 /* CategorizationQuestionViewController.m */ = {isa = PBXFileReference; fileEncoding = 4; lastKnownFileType = sourcecode.c.objc; path = CategorizationQuestionViewController.m; sourceTree = "<group>"; };
		FA662BCF183C7797007E40B2 /* CategorizationQuestionViewController.xib */ = {isa = PBXFileReference; fileEncoding = 4; lastKnownFileType = file.xib; path = CategorizationQuestionViewController.xib; sourceTree = "<group>"; };
		FA7A8B7F183D9412000BBA72 /* sampleQuiz.plist */ = {isa = PBXFileReference; fileEncoding = 4; lastKnownFileType = text.plist.xml; path = sampleQuiz.plist; sourceTree = "<group>"; };
		FA7A8B81183D9F5C000BBA72 /* ThreeComicViewController.h */ = {isa = PBXFileReference; fileEncoding = 4; lastKnownFileType = sourcecode.c.h; path = ThreeComicViewController.h; sourceTree = "<group>"; };
		FA7A8B82183D9F5C000BBA72 /* ThreeComicViewController.m */ = {isa = PBXFileReference; fileEncoding = 4; lastKnownFileType = sourcecode.c.objc; path = ThreeComicViewController.m; sourceTree = "<group>"; };
		FA7A8B83183D9F5C000BBA72 /* ThreeComicViewController.xib */ = {isa = PBXFileReference; fileEncoding = 4; lastKnownFileType = file.xib; path = ThreeComicViewController.xib; sourceTree = "<group>"; };
		FA7A8B86183DACB9000BBA72 /* Quiz.h */ = {isa = PBXFileReference; fileEncoding = 4; lastKnownFileType = sourcecode.c.h; path = Quiz.h; sourceTree = "<group>"; };
		FA7A8B87183DACB9000BBA72 /* Quiz.m */ = {isa = PBXFileReference; fileEncoding = 4; lastKnownFileType = sourcecode.c.objc; path = Quiz.m; sourceTree = "<group>"; };
		FA7A8B92183DB06C000BBA72 /* ThreeComicTemplate.h */ = {isa = PBXFileReference; fileEncoding = 4; lastKnownFileType = sourcecode.c.h; path = ThreeComicTemplate.h; sourceTree = "<group>"; };
		FA7A8B93183DB06C000BBA72 /* ThreeComicTemplate.m */ = {isa = PBXFileReference; fileEncoding = 4; lastKnownFileType = sourcecode.c.objc; path = ThreeComicTemplate.m; sourceTree = "<group>"; };
		FA7A8B95183DB0FF000BBA72 /* CorrectViewController.h */ = {isa = PBXFileReference; fileEncoding = 4; lastKnownFileType = sourcecode.c.h; path = CorrectViewController.h; sourceTree = "<group>"; };
		FA7A8B96183DB0FF000BBA72 /* CorrectViewController.m */ = {isa = PBXFileReference; fileEncoding = 4; lastKnownFileType = sourcecode.c.objc; path = CorrectViewController.m; sourceTree = "<group>"; };
		FA7A8B97183DB0FF000BBA72 /* CorrectViewController.xib */ = {isa = PBXFileReference; fileEncoding = 4; lastKnownFileType = file.xib; path = CorrectViewController.xib; sourceTree = "<group>"; };
		FA7A8B9A183DBD8B000BBA72 /* IncorrectViewController.h */ = {isa = PBXFileReference; fileEncoding = 4; lastKnownFileType = sourcecode.c.h; path = IncorrectViewController.h; sourceTree = "<group>"; };
		FA7A8B9B183DBD8B000BBA72 /* IncorrectViewController.m */ = {isa = PBXFileReference; fileEncoding = 4; lastKnownFileType = sourcecode.c.objc; path = IncorrectViewController.m; sourceTree = "<group>"; };
		FA7A8B9C183DBD8B000BBA72 /* IncorrectViewController.xib */ = {isa = PBXFileReference; fileEncoding = 4; lastKnownFileType = file.xib; path = IncorrectViewController.xib; sourceTree = "<group>"; };
		FABA58F0183810A50038FBA7 /* WaitingGame.app */ = {isa = PBXFileReference; explicitFileType = wrapper.application; includeInIndex = 0; path = WaitingGame.app; sourceTree = BUILT_PRODUCTS_DIR; };
		FABA58F3183810A50038FBA7 /* Foundation.framework */ = {isa = PBXFileReference; lastKnownFileType = wrapper.framework; name = Foundation.framework; path = System/Library/Frameworks/Foundation.framework; sourceTree = SDKROOT; };
		FABA58F5183810A50038FBA7 /* CoreGraphics.framework */ = {isa = PBXFileReference; lastKnownFileType = wrapper.framework; name = CoreGraphics.framework; path = System/Library/Frameworks/CoreGraphics.framework; sourceTree = SDKROOT; };
		FABA58F7183810A50038FBA7 /* UIKit.framework */ = {isa = PBXFileReference; lastKnownFileType = wrapper.framework; name = UIKit.framework; path = System/Library/Frameworks/UIKit.framework; sourceTree = SDKROOT; };
		FABA58FB183810A50038FBA7 /* WaitingGame-Info.plist */ = {isa = PBXFileReference; lastKnownFileType = text.plist.xml; path = "WaitingGame-Info.plist"; sourceTree = "<group>"; };
		FABA58FD183810A50038FBA7 /* en */ = {isa = PBXFileReference; lastKnownFileType = text.plist.strings; name = en; path = en.lproj/InfoPlist.strings; sourceTree = "<group>"; };
		FABA58FF183810A50038FBA7 /* main.m */ = {isa = PBXFileReference; lastKnownFileType = sourcecode.c.objc; path = main.m; sourceTree = "<group>"; };
		FABA5901183810A50038FBA7 /* WaitingGame-Prefix.pch */ = {isa = PBXFileReference; lastKnownFileType = sourcecode.c.h; path = "WaitingGame-Prefix.pch"; sourceTree = "<group>"; };
		FABA5902183810A50038FBA7 /* AppDelegate.h */ = {isa = PBXFileReference; lastKnownFileType = sourcecode.c.h; path = AppDelegate.h; sourceTree = "<group>"; };
		FABA5903183810A50038FBA7 /* AppDelegate.m */ = {isa = PBXFileReference; lastKnownFileType = sourcecode.c.objc; path = AppDelegate.m; sourceTree = "<group>"; };
		FABA590E183810A50038FBA7 /* Images.xcassets */ = {isa = PBXFileReference; lastKnownFileType = folder.assetcatalog; path = Images.xcassets; sourceTree = "<group>"; };
		FABA5914183810A50038FBA7 /* WaitingGameTests.xctest */ = {isa = PBXFileReference; explicitFileType = wrapper.cfbundle; includeInIndex = 0; path = WaitingGameTests.xctest; sourceTree = BUILT_PRODUCTS_DIR; };
		FABA5915183810A50038FBA7 /* XCTest.framework */ = {isa = PBXFileReference; lastKnownFileType = wrapper.framework; name = XCTest.framework; path = Library/Frameworks/XCTest.framework; sourceTree = DEVELOPER_DIR; };
		FABA591D183810A50038FBA7 /* WaitingGameTests-Info.plist */ = {isa = PBXFileReference; lastKnownFileType = text.plist.xml; path = "WaitingGameTests-Info.plist"; sourceTree = "<group>"; };
		FABA591F183810A50038FBA7 /* en */ = {isa = PBXFileReference; lastKnownFileType = text.plist.strings; name = en; path = en.lproj/InfoPlist.strings; sourceTree = "<group>"; };
		FABA5921183810A50038FBA7 /* WaitingGameTests.m */ = {isa = PBXFileReference; lastKnownFileType = sourcecode.c.objc; path = WaitingGameTests.m; sourceTree = "<group>"; };
		FABA592B183811850038FBA7 /* MenuViewController.h */ = {isa = PBXFileReference; fileEncoding = 4; lastKnownFileType = sourcecode.c.h; path = MenuViewController.h; sourceTree = "<group>"; };
		FABA592C183811850038FBA7 /* MenuViewController.m */ = {isa = PBXFileReference; fileEncoding = 4; lastKnownFileType = sourcecode.c.objc; path = MenuViewController.m; sourceTree = "<group>"; };
		FABA592D183811850038FBA7 /* MenuViewController.xib */ = {isa = PBXFileReference; fileEncoding = 4; lastKnownFileType = file.xib; path = MenuViewController.xib; sourceTree = "<group>"; };
		FABA5930183817520038FBA7 /* TrueFalseQuestion.h */ = {isa = PBXFileReference; fileEncoding = 4; lastKnownFileType = sourcecode.c.h; path = TrueFalseQuestion.h; sourceTree = "<group>"; };
		FABA5931183817520038FBA7 /* TrueFalseQuestion.m */ = {isa = PBXFileReference; fileEncoding = 4; lastKnownFileType = sourcecode.c.objc; path = TrueFalseQuestion.m; sourceTree = "<group>"; };
		FABA593318381AAA0038FBA7 /* TrueFalseQuestionViewController.h */ = {isa = PBXFileReference; fileEncoding = 4; lastKnownFileType = sourcecode.c.h; path = TrueFalseQuestionViewController.h; sourceTree = "<group>"; };
		FABA593418381AAA0038FBA7 /* TrueFalseQuestionViewController.m */ = {isa = PBXFileReference; fileEncoding = 4; lastKnownFileType = sourcecode.c.objc; path = TrueFalseQuestionViewController.m; sourceTree = "<group>"; };
		FABA593518381AAA0038FBA7 /* TrueFalseQuestionViewController.xib */ = {isa = PBXFileReference; fileEncoding = 4; lastKnownFileType = file.xib; path = TrueFalseQuestionViewController.xib; sourceTree = "<group>"; };
/* End PBXFileReference section */

/* Begin PBXFrameworksBuildPhase section */
		FABA58ED183810A50038FBA7 /* Frameworks */ = {
			isa = PBXFrameworksBuildPhase;
			buildActionMask = 2147483647;
			files = (
				FABA58F6183810A50038FBA7 /* CoreGraphics.framework in Frameworks */,
				FABA58F8183810A50038FBA7 /* UIKit.framework in Frameworks */,
				FABA58F4183810A50038FBA7 /* Foundation.framework in Frameworks */,
			);
			runOnlyForDeploymentPostprocessing = 0;
		};
		FABA5911183810A50038FBA7 /* Frameworks */ = {
			isa = PBXFrameworksBuildPhase;
			buildActionMask = 2147483647;
			files = (
				FABA5916183810A50038FBA7 /* XCTest.framework in Frameworks */,
				FABA5918183810A50038FBA7 /* UIKit.framework in Frameworks */,
				FABA5917183810A50038FBA7 /* Foundation.framework in Frameworks */,
			);
			runOnlyForDeploymentPostprocessing = 0;
		};
/* End PBXFrameworksBuildPhase section */

/* Begin PBXGroup section */
		FABA58E7183810A50038FBA7 = {
			isa = PBXGroup;
			children = (
				FABA58F9183810A50038FBA7 /* WaitingGame */,
				FABA591B183810A50038FBA7 /* WaitingGameTests */,
				FABA58F2183810A50038FBA7 /* Frameworks */,
				FABA58F1183810A50038FBA7 /* Products */,
			);
			sourceTree = "<group>";
		};
		FABA58F1183810A50038FBA7 /* Products */ = {
			isa = PBXGroup;
			children = (
				FABA58F0183810A50038FBA7 /* WaitingGame.app */,
				FABA5914183810A50038FBA7 /* WaitingGameTests.xctest */,
			);
			name = Products;
			sourceTree = "<group>";
		};
		FABA58F2183810A50038FBA7 /* Frameworks */ = {
			isa = PBXGroup;
			children = (
				FABA58F3183810A50038FBA7 /* Foundation.framework */,
				FABA58F5183810A50038FBA7 /* CoreGraphics.framework */,
				FABA58F7183810A50038FBA7 /* UIKit.framework */,
				FABA5915183810A50038FBA7 /* XCTest.framework */,
			);
			name = Frameworks;
			sourceTree = "<group>";
		};
		FABA58F9183810A50038FBA7 /* WaitingGame */ = {
			isa = PBXGroup;
			children = (
				FABA592B183811850038FBA7 /* MenuViewController.h */,
				FABA592C183811850038FBA7 /* MenuViewController.m */,
				FABA592D183811850038FBA7 /* MenuViewController.xib */,
				FA662BC3183C6E02007E40B2 /* SelectViewController.h */,
				FA662BC4183C6E02007E40B2 /* SelectViewController.m */,
				FA662BC5183C6E02007E40B2 /* SelectViewController.xib */,
				FA662BC8183C74D5007E40B2 /* MultipleChoiceQuestionViewController.h */,
				FA662BC9183C74D5007E40B2 /* MultipleChoiceQuestionViewController.m */,
				FA662BCA183C74D5007E40B2 /* MultipleChoiceQuestionViewController.xib */,
				FA7A8B81183D9F5C000BBA72 /* ThreeComicViewController.h */,
				FA7A8B82183D9F5C000BBA72 /* ThreeComicViewController.m */,
				FA7A8B83183D9F5C000BBA72 /* ThreeComicViewController.xib */,
				FABA5902183810A50038FBA7 /* AppDelegate.h */,
				FA39069118398F9A00E251E8 /* MultipleChoiceQuestion.h */,
				FA39069218398F9A00E251E8 /* MultipleChoiceQuestion.m */,
				FABA5903183810A50038FBA7 /* AppDelegate.m */,
				FA3906941839976D00E251E8 /* CategorizationQuestion.h */,
				FA3906951839976D00E251E8 /* CategorizationQuestion.m */,
				FA662BCD183C7797007E40B2 /* CategorizationQuestionViewController.h */,
				FA662BCE183C7797007E40B2 /* CategorizationQuestionViewController.m */,
				FA662BCF183C7797007E40B2 /* CategorizationQuestionViewController.xib */,
				FA390697183999E600E251E8 /* ShoppingCartQuestion.h */,
				FA390698183999E600E251E8 /* ShoppingCartQuestion.m */,
				FABA5930183817520038FBA7 /* TrueFalseQuestion.h */,
				FABA5931183817520038FBA7 /* TrueFalseQuestion.m */,
				FABA593318381AAA0038FBA7 /* TrueFalseQuestionViewController.h */,
				FABA593418381AAA0038FBA7 /* TrueFalseQuestionViewController.m */,
				FABA593518381AAA0038FBA7 /* TrueFalseQuestionViewController.xib */,
				FA7A8B86183DACB9000BBA72 /* Quiz.h */,
				FA7A8B87183DACB9000BBA72 /* Quiz.m */,
				FA7A8B95183DB0FF000BBA72 /* CorrectViewController.h */,
				FA7A8B96183DB0FF000BBA72 /* CorrectViewController.m */,
				FA7A8B97183DB0FF000BBA72 /* CorrectViewController.xib */,
				FA7A8B9A183DBD8B000BBA72 /* IncorrectViewController.h */,
				FA7A8B9B183DBD8B000BBA72 /* IncorrectViewController.m */,
				FA7A8B9C183DBD8B000BBA72 /* IncorrectViewController.xib */,
				FA7A8B92183DB06C000BBA72 /* ThreeComicTemplate.h */,
				FA7A8B93183DB06C000BBA72 /* ThreeComicTemplate.m */,
				FABA590E183810A50038FBA7 /* Images.xcassets */,
				FABA58FA183810A50038FBA7 /* Supporting Files */,
			);
			path = WaitingGame;
			sourceTree = "<group>";
		};
		FABA58FA183810A50038FBA7 /* Supporting Files */ = {
			isa = PBXGroup;
			children = (
				FABA58FB183810A50038FBA7 /* WaitingGame-Info.plist */,
				FA7A8B7F183D9412000BBA72 /* sampleQuiz.plist */,
				FABA58FC183810A50038FBA7 /* InfoPlist.strings */,
				FABA58FF183810A50038FBA7 /* main.m */,
				FABA5901183810A50038FBA7 /* WaitingGame-Prefix.pch */,
			);
			name = "Supporting Files";
			sourceTree = "<group>";
		};
		FABA591B183810A50038FBA7 /* WaitingGameTests */ = {
			isa = PBXGroup;
			children = (
				FABA5921183810A50038FBA7 /* WaitingGameTests.m */,
				FABA591C183810A50038FBA7 /* Supporting Files */,
			);
			path = WaitingGameTests;
			sourceTree = "<group>";
		};
		FABA591C183810A50038FBA7 /* Supporting Files */ = {
			isa = PBXGroup;
			children = (
				FABA591D183810A50038FBA7 /* WaitingGameTests-Info.plist */,
				FABA591E183810A50038FBA7 /* InfoPlist.strings */,
			);
			name = "Supporting Files";
			sourceTree = "<group>";
		};
/* End PBXGroup section */

/* Begin PBXNativeTarget section */
		FABA58EF183810A50038FBA7 /* WaitingGame */ = {
			isa = PBXNativeTarget;
			buildConfigurationList = FABA5925183810A50038FBA7 /* Build configuration list for PBXNativeTarget "WaitingGame" */;
			buildPhases = (
				FABA58EC183810A50038FBA7 /* Sources */,
				FABA58ED183810A50038FBA7 /* Frameworks */,
				FABA58EE183810A50038FBA7 /* Resources */,
			);
			buildRules = (
			);
			dependencies = (
			);
			name = WaitingGame;
			productName = WaitingGame;
			productReference = FABA58F0183810A50038FBA7 /* WaitingGame.app */;
			productType = "com.apple.product-type.application";
		};
		FABA5913183810A50038FBA7 /* WaitingGameTests */ = {
			isa = PBXNativeTarget;
			buildConfigurationList = FABA5928183810A50038FBA7 /* Build configuration list for PBXNativeTarget "WaitingGameTests" */;
			buildPhases = (
				FABA5910183810A50038FBA7 /* Sources */,
				FABA5911183810A50038FBA7 /* Frameworks */,
				FABA5912183810A50038FBA7 /* Resources */,
			);
			buildRules = (
			);
			dependencies = (
				FABA591A183810A50038FBA7 /* PBXTargetDependency */,
			);
			name = WaitingGameTests;
			productName = WaitingGameTests;
			productReference = FABA5914183810A50038FBA7 /* WaitingGameTests.xctest */;
			productType = "com.apple.product-type.bundle.unit-test";
		};
/* End PBXNativeTarget section */

/* Begin PBXProject section */
		FABA58E8183810A50038FBA7 /* Project object */ = {
			isa = PBXProject;
			attributes = {
				LastUpgradeCheck = 0500;
				ORGANIZATIONNAME = "Alex Lipsett";
				TargetAttributes = {
					FABA5913183810A50038FBA7 = {
						TestTargetID = FABA58EF183810A50038FBA7;
					};
				};
			};
			buildConfigurationList = FABA58EB183810A50038FBA7 /* Build configuration list for PBXProject "WaitingGame" */;
			compatibilityVersion = "Xcode 3.2";
			developmentRegion = English;
			hasScannedForEncodings = 0;
			knownRegions = (
				en,
				Base,
			);
			mainGroup = FABA58E7183810A50038FBA7;
			productRefGroup = FABA58F1183810A50038FBA7 /* Products */;
			projectDirPath = "";
			projectRoot = "";
			targets = (
				FABA58EF183810A50038FBA7 /* WaitingGame */,
				FABA5913183810A50038FBA7 /* WaitingGameTests */,
			);
		};
/* End PBXProject section */

/* Begin PBXResourcesBuildPhase section */
		FABA58EE183810A50038FBA7 /* Resources */ = {
			isa = PBXResourcesBuildPhase;
			buildActionMask = 2147483647;
			files = (
				FA7A8B9E183DBD8B000BBA72 /* IncorrectViewController.xib in Resources */,
				FABA590F183810A50038FBA7 /* Images.xcassets in Resources */,
				FA662BCC183C74D5007E40B2 /* MultipleChoiceQuestionViewController.xib in Resources */,
				FA7A8B99183DB0FF000BBA72 /* CorrectViewController.xib in Resources */,
				FABA592F183811850038FBA7 /* MenuViewController.xib in Resources */,
				FABA593718381AAA0038FBA7 /* TrueFalseQuestionViewController.xib in Resources */,
				FA7A8B85183D9F5C000BBA72 /* ThreeComicViewController.xib in Resources */,
				FA662BC7183C6E02007E40B2 /* SelectViewController.xib in Resources */,
				FA662BD1183C7797007E40B2 /* CategorizationQuestionViewController.xib in Resources */,
				FABA58FE183810A50038FBA7 /* InfoPlist.strings in Resources */,
				FA7A8B80183D9413000BBA72 /* sampleQuiz.plist in Resources */,
			);
			runOnlyForDeploymentPostprocessing = 0;
		};
		FABA5912183810A50038FBA7 /* Resources */ = {
			isa = PBXResourcesBuildPhase;
			buildActionMask = 2147483647;
			files = (
				FABA5920183810A50038FBA7 /* InfoPlist.strings in Resources */,
			);
			runOnlyForDeploymentPostprocessing = 0;
		};
/* End PBXResourcesBuildPhase section */

/* Begin PBXSourcesBuildPhase section */
		FABA58EC183810A50038FBA7 /* Sources */ = {
			isa = PBXSourcesBuildPhase;
			buildActionMask = 2147483647;
			files = (
				FA662BD0183C7797007E40B2 /* CategorizationQuestionViewController.m in Sources */,
				FA7A8B9D183DBD8B000BBA72 /* IncorrectViewController.m in Sources */,
				FABA5904183810A50038FBA7 /* AppDelegate.m in Sources */,
				FA662BCB183C74D5007E40B2 /* MultipleChoiceQuestionViewController.m in Sources */,
				FABA5932183817520038FBA7 /* TrueFalseQuestion.m in Sources */,
				FA39069318398F9A00E251E8 /* MultipleChoiceQuestion.m in Sources */,
				FA390699183999E600E251E8 /* ShoppingCartQuestion.m in Sources */,
				FA7A8B88183DACB9000BBA72 /* Quiz.m in Sources */,
				FABA593618381AAA0038FBA7 /* TrueFalseQuestionViewController.m in Sources */,
				FA7A8B84183D9F5C000BBA72 /* ThreeComicViewController.m in Sources */,
				FA662BC6183C6E02007E40B2 /* SelectViewController.m in Sources */,
				FABA592E183811850038FBA7 /* MenuViewController.m in Sources */,
				FABA5900183810A50038FBA7 /* main.m in Sources */,
				FA7A8B94183DB06C000BBA72 /* ThreeComicTemplate.m in Sources */,
				FA7A8B98183DB0FF000BBA72 /* CorrectViewController.m in Sources */,
				FA3906961839976D00E251E8 /* CategorizationQuestion.m in Sources */,
			);
			runOnlyForDeploymentPostprocessing = 0;
		};
		FABA5910183810A50038FBA7 /* Sources */ = {
			isa = PBXSourcesBuildPhase;
			buildActionMask = 2147483647;
			files = (
				FABA5922183810A50038FBA7 /* WaitingGameTests.m in Sources */,
			);
			runOnlyForDeploymentPostprocessing = 0;
		};
/* End PBXSourcesBuildPhase section */

/* Begin PBXTargetDependency section */
		FABA591A183810A50038FBA7 /* PBXTargetDependency */ = {
			isa = PBXTargetDependency;
			target = FABA58EF183810A50038FBA7 /* WaitingGame */;
			targetProxy = FABA5919183810A50038FBA7 /* PBXContainerItemProxy */;
		};
/* End PBXTargetDependency section */

/* Begin PBXVariantGroup section */
		FABA58FC183810A50038FBA7 /* InfoPlist.strings */ = {
			isa = PBXVariantGroup;
			children = (
				FABA58FD183810A50038FBA7 /* en */,
			);
			name = InfoPlist.strings;
			sourceTree = "<group>";
		};
		FABA591E183810A50038FBA7 /* InfoPlist.strings */ = {
			isa = PBXVariantGroup;
			children = (
				FABA591F183810A50038FBA7 /* en */,
			);
			name = InfoPlist.strings;
			sourceTree = "<group>";
		};
/* End PBXVariantGroup section */

/* Begin XCBuildConfiguration section */
		FABA5923183810A50038FBA7 /* Debug */ = {
			isa = XCBuildConfiguration;
			buildSettings = {
				ALWAYS_SEARCH_USER_PATHS = NO;
				ARCHS = "$(ARCHS_STANDARD_INCLUDING_64_BIT)";
				CLANG_CXX_LANGUAGE_STANDARD = "gnu++0x";
				CLANG_CXX_LIBRARY = "libc++";
				CLANG_ENABLE_MODULES = YES;
				CLANG_ENABLE_OBJC_ARC = YES;
				CLANG_WARN_BOOL_CONVERSION = YES;
				CLANG_WARN_CONSTANT_CONVERSION = YES;
				CLANG_WARN_DIRECT_OBJC_ISA_USAGE = YES_ERROR;
				CLANG_WARN_EMPTY_BODY = YES;
				CLANG_WARN_ENUM_CONVERSION = YES;
				CLANG_WARN_INT_CONVERSION = YES;
				CLANG_WARN_OBJC_ROOT_CLASS = YES_ERROR;
				CLANG_WARN__DUPLICATE_METHOD_MATCH = YES;
				"CODE_SIGN_IDENTITY[sdk=iphoneos*]" = "iPhone Developer";
				COPY_PHASE_STRIP = NO;
				GCC_C_LANGUAGE_STANDARD = gnu99;
				GCC_DYNAMIC_NO_PIC = NO;
				GCC_OPTIMIZATION_LEVEL = 0;
				GCC_PREPROCESSOR_DEFINITIONS = (
					"DEBUG=1",
					"$(inherited)",
				);
				GCC_SYMBOLS_PRIVATE_EXTERN = NO;
				GCC_WARN_64_TO_32_BIT_CONVERSION = YES;
				GCC_WARN_ABOUT_RETURN_TYPE = YES_ERROR;
				GCC_WARN_UNDECLARED_SELECTOR = YES;
				GCC_WARN_UNINITIALIZED_AUTOS = YES;
				GCC_WARN_UNUSED_FUNCTION = YES;
				GCC_WARN_UNUSED_VARIABLE = YES;
				IPHONEOS_DEPLOYMENT_TARGET = 7.0;
				ONLY_ACTIVE_ARCH = YES;
				SDKROOT = iphoneos;
				TARGETED_DEVICE_FAMILY = "1,2";
			};
			name = Debug;
		};
		FABA5924183810A50038FBA7 /* Release */ = {
			isa = XCBuildConfiguration;
			buildSettings = {
				ALWAYS_SEARCH_USER_PATHS = NO;
				ARCHS = "$(ARCHS_STANDARD_INCLUDING_64_BIT)";
				CLANG_CXX_LANGUAGE_STANDARD = "gnu++0x";
				CLANG_CXX_LIBRARY = "libc++";
				CLANG_ENABLE_MODULES = YES;
				CLANG_ENABLE_OBJC_ARC = YES;
				CLANG_WARN_BOOL_CONVERSION = YES;
				CLANG_WARN_CONSTANT_CONVERSION = YES;
				CLANG_WARN_DIRECT_OBJC_ISA_USAGE = YES_ERROR;
				CLANG_WARN_EMPTY_BODY = YES;
				CLANG_WARN_ENUM_CONVERSION = YES;
				CLANG_WARN_INT_CONVERSION = YES;
				CLANG_WARN_OBJC_ROOT_CLASS = YES_ERROR;
				CLANG_WARN__DUPLICATE_METHOD_MATCH = YES;
				"CODE_SIGN_IDENTITY[sdk=iphoneos*]" = "iPhone Developer";
				COPY_PHASE_STRIP = YES;
				ENABLE_NS_ASSERTIONS = NO;
				GCC_C_LANGUAGE_STANDARD = gnu99;
				GCC_WARN_64_TO_32_BIT_CONVERSION = YES;
				GCC_WARN_ABOUT_RETURN_TYPE = YES_ERROR;
				GCC_WARN_UNDECLARED_SELECTOR = YES;
				GCC_WARN_UNINITIALIZED_AUTOS = YES;
				GCC_WARN_UNUSED_FUNCTION = YES;
				GCC_WARN_UNUSED_VARIABLE = YES;
				IPHONEOS_DEPLOYMENT_TARGET = 7.0;
				SDKROOT = iphoneos;
				TARGETED_DEVICE_FAMILY = "1,2";
				VALIDATE_PRODUCT = YES;
			};
			name = Release;
		};
		FABA5926183810A50038FBA7 /* Debug */ = {
			isa = XCBuildConfiguration;
			buildSettings = {
				ASSETCATALOG_COMPILER_APPICON_NAME = AppIcon;
				ASSETCATALOG_COMPILER_LAUNCHIMAGE_NAME = LaunchImage;
				GCC_PRECOMPILE_PREFIX_HEADER = YES;
				GCC_PREFIX_HEADER = "WaitingGame/WaitingGame-Prefix.pch";
				INFOPLIST_FILE = "WaitingGame/WaitingGame-Info.plist";
				PRODUCT_NAME = "$(TARGET_NAME)";
				TARGETED_DEVICE_FAMILY = 2;
				WRAPPER_EXTENSION = app;
			};
			name = Debug;
		};
		FABA5927183810A50038FBA7 /* Release */ = {
			isa = XCBuildConfiguration;
			buildSettings = {
				ASSETCATALOG_COMPILER_APPICON_NAME = AppIcon;
				ASSETCATALOG_COMPILER_LAUNCHIMAGE_NAME = LaunchImage;
				GCC_PRECOMPILE_PREFIX_HEADER = YES;
				GCC_PREFIX_HEADER = "WaitingGame/WaitingGame-Prefix.pch";
				INFOPLIST_FILE = "WaitingGame/WaitingGame-Info.plist";
				PRODUCT_NAME = "$(TARGET_NAME)";
				TARGETED_DEVICE_FAMILY = 2;
				WRAPPER_EXTENSION = app;
			};
			name = Release;
		};
		FABA5929183810A50038FBA7 /* Debug */ = {
			isa = XCBuildConfiguration;
			buildSettings = {
				ARCHS = "$(ARCHS_STANDARD_INCLUDING_64_BIT)";
				BUNDLE_LOADER = "$(BUILT_PRODUCTS_DIR)/WaitingGame.app/WaitingGame";
				FRAMEWORK_SEARCH_PATHS = (
					"$(SDKROOT)/Developer/Library/Frameworks",
					"$(inherited)",
					"$(DEVELOPER_FRAMEWORKS_DIR)",
				);
				GCC_PRECOMPILE_PREFIX_HEADER = YES;
				GCC_PREFIX_HEADER = "WaitingGame/WaitingGame-Prefix.pch";
				GCC_PREPROCESSOR_DEFINITIONS = (
					"DEBUG=1",
					"$(inherited)",
				);
				INFOPLIST_FILE = "WaitingGameTests/WaitingGameTests-Info.plist";
				PRODUCT_NAME = "$(TARGET_NAME)";
				TEST_HOST = "$(BUNDLE_LOADER)";
				WRAPPER_EXTENSION = xctest;
			};
			name = Debug;
		};
		FABA592A183810A50038FBA7 /* Release */ = {
			isa = XCBuildConfiguration;
			buildSettings = {
				ARCHS = "$(ARCHS_STANDARD_INCLUDING_64_BIT)";
				BUNDLE_LOADER = "$(BUILT_PRODUCTS_DIR)/WaitingGame.app/WaitingGame";
				FRAMEWORK_SEARCH_PATHS = (
					"$(SDKROOT)/Developer/Library/Frameworks",
					"$(inherited)",
					"$(DEVELOPER_FRAMEWORKS_DIR)",
				);
				GCC_PRECOMPILE_PREFIX_HEADER = YES;
				GCC_PREFIX_HEADER = "WaitingGame/WaitingGame-Prefix.pch";
				INFOPLIST_FILE = "WaitingGameTests/WaitingGameTests-Info.plist";
				PRODUCT_NAME = "$(TARGET_NAME)";
				TEST_HOST = "$(BUNDLE_LOADER)";
				WRAPPER_EXTENSION = xctest;
			};
			name = Release;
		};
/* End XCBuildConfiguration section */

/* Begin XCConfigurationList section */
		FABA58EB183810A50038FBA7 /* Build configuration list for PBXProject "WaitingGame" */ = {
			isa = XCConfigurationList;
			buildConfigurations = (
				FABA5923183810A50038FBA7 /* Debug */,
				FABA5924183810A50038FBA7 /* Release */,
			);
			defaultConfigurationIsVisible = 0;
			defaultConfigurationName = Release;
		};
		FABA5925183810A50038FBA7 /* Build configuration list for PBXNativeTarget "WaitingGame" */ = {
			isa = XCConfigurationList;
			buildConfigurations = (
				FABA5926183810A50038FBA7 /* Debug */,
				FABA5927183810A50038FBA7 /* Release */,
			);
			defaultConfigurationIsVisible = 0;
			defaultConfigurationName = Release;
		};
		FABA5928183810A50038FBA7 /* Build configuration list for PBXNativeTarget "WaitingGameTests" */ = {
			isa = XCConfigurationList;
			buildConfigurations = (
				FABA5929183810A50038FBA7 /* Debug */,
				FABA592A183810A50038FBA7 /* Release */,
			);
			defaultConfigurationIsVisible = 0;
			defaultConfigurationName = Release;
		};
/* End XCConfigurationList section */
	};
	rootObject = FABA58E8183810A50038FBA7 /* Project object */;
}
